
Microsoft Visual Studio Solution File, Format Version 12.00
# Visual Studio 14
VisualStudioVersion = 14.0.25123.0
MinimumVisualStudioVersion = 10.0.40219.1
Project("{2150E333-8FDC-42A3-9474-1A3956D46DE8}") = "VKSaver", "VKSaver", "{5E94328A-054A-4920-A2E8-39FB09AC4B97}"
EndProject
Project("{D954291E-2A0B-460D-934E-DC6B0785DB48}") = "VKSaver.Shared", "VKSaver\VKSaver.Shared\VKSaver.Shared.shproj", "{463FB7C8-7399-4D98-BA23-CFDEF2BB66AE}"
EndProject
Project("{FAE04EC0-301F-11D3-BF4B-00C04F79EFBC}") = "VKSaver.WindowsPhone", "VKSaver\VKSaver.WindowsPhone\VKSaver.WindowsPhone.csproj", "{C1FD3070-7FC8-4E20-BA49-13E576B6F852}"
EndProject
Project("{2150E333-8FDC-42A3-9474-1A3956D46DE8}") = "Core", "Core", "{384242D4-025D-4137-B820-EBF966949FD7}"
EndProject
Project("{FAE04EC0-301F-11D3-BF4B-00C04F79EFBC}") = "VKSaver.Core.ViewModels", "Core\VKSaver.Core.ViewModels\VKSaver.Core.ViewModels.csproj", "{28AF1E71-69EB-4D02-9F07-6EEAD1F117AF}"
EndProject
Project("{FAE04EC0-301F-11D3-BF4B-00C04F79EFBC}") = "VKSaver.Core.Services", "Core\VKSaver.Core.Services\VKSaver.Core.Services.csproj", "{E772FD74-56DC-4398-B85D-F33D34C2F11B}"
EndProject
Project("{FAE04EC0-301F-11D3-BF4B-00C04F79EFBC}") = "VKSaver.Core.Models", "Core\VKSaver.Core.Models\VKSaver.Core.Models.csproj", "{0C76FE69-8E32-4222-9FE4-C975A48EDBD9}"
EndProject
Project("{FAE04EC0-301F-11D3-BF4B-00C04F79EFBC}") = "VKSaver.Design", "VKSaver.Design\VKSaver.Design.csproj", "{8EF80BF9-99EE-4565-AA0D-69FD2B47169D}"
EndProject
Project("{2150E333-8FDC-42A3-9474-1A3956D46DE8}") = "Tasks", "Tasks", "{3A50099B-EB6C-46E3-B819-BB3634EBA7F9}"
EndProject
Project("{FAE04EC0-301F-11D3-BF4B-00C04F79EFBC}") = "VKSaver.PlayerTask", "Tasks\VKSaver.PlayerTask\VKSaver.PlayerTask.csproj", "{72DB73BE-2845-4991-94C9-7342241FEC3E}"
EndProject
Project("{FAE04EC0-301F-11D3-BF4B-00C04F79EFBC}") = "VKSaver.Core.LinksExtractor", "VKSaver.Core.LinksExtractor\VKSaver.Core.LinksExtractor.csproj", "{8A78FE74-730A-4D36-8C44-32DF960AD957}"
EndProject
Project("{FAE04EC0-301F-11D3-BF4B-00C04F79EFBC}") = "VKSaver10", "VKSaver\VKSaver10\VKSaver10.csproj", "{773A3619-C084-40DA-A5FE-EDB2D26F9212}"
EndProject
Project("{D954291E-2A0B-460D-934E-DC6B0785DB48}") = "VKSaver.Core.ViewModels.Shared", "Core\VKSaver.Core.ViewModels.Shared\VKSaver.Core.ViewModels.Shared.shproj", "{EE806675-BC95-4321-8EA0-50FFCD9CA647}"
EndProject
Project("{FAE04EC0-301F-11D3-BF4B-00C04F79EFBC}") = "VKSaver.Core.ViewModels.UWP", "Core\VKSaver.Core.ViewModels.UWP\VKSaver.Core.ViewModels.UWP.csproj", "{000A719A-990E-43F4-81C9-D6BF83D091A0}"
EndProject
Global
	GlobalSection(SharedMSBuildProjectFiles) = preSolution
		VKSaver\VKSaver.Shared\VKSaver.Shared.projitems*{c1fd3070-7fc8-4e20-ba49-13e576b6f852}*SharedItemsImports = 4
		VKSaver\VKSaver.Shared\VKSaver.Shared.projitems*{463fb7c8-7399-4d98-ba23-cfdef2bb66ae}*SharedItemsImports = 13
		Core\VKSaver.Core.ViewModels.Shared\VKSaver.Core.ViewModels.Shared.projitems*{ee806675-bc95-4321-8ea0-50ffcd9ca647}*SharedItemsImports = 13
		Core\VKSaver.Core.ViewModels.Shared\VKSaver.Core.ViewModels.Shared.projitems*{28af1e71-69eb-4d02-9f07-6eead1f117af}*SharedItemsImports = 4
		Core\VKSaver.Core.ViewModels.Shared\VKSaver.Core.ViewModels.Shared.projitems*{000a719a-990e-43f4-81c9-d6bf83d091a0}*SharedItemsImports = 4
	EndGlobalSection
	GlobalSection(SolutionConfigurationPlatforms) = preSolution
		Debug|Any CPU = Debug|Any CPU
		Debug|ARM = Debug|ARM
		Debug|Mixed Platforms = Debug|Mixed Platforms
		Debug|x64 = Debug|x64
		Debug|x86 = Debug|x86
		DebugFull|Any CPU = DebugFull|Any CPU
		DebugFull|ARM = DebugFull|ARM
		DebugFull|Mixed Platforms = DebugFull|Mixed Platforms
		DebugFull|x64 = DebugFull|x64
		DebugFull|x86 = DebugFull|x86
		Release|Any CPU = Release|Any CPU
		Release|ARM = Release|ARM
		Release|Mixed Platforms = Release|Mixed Platforms
		Release|x64 = Release|x64
		Release|x86 = Release|x86
		ReleaseFull|Any CPU = ReleaseFull|Any CPU
		ReleaseFull|ARM = ReleaseFull|ARM
		ReleaseFull|Mixed Platforms = ReleaseFull|Mixed Platforms
		ReleaseFull|x64 = ReleaseFull|x64
		ReleaseFull|x86 = ReleaseFull|x86
	EndGlobalSection
	GlobalSection(ProjectConfigurationPlatforms) = postSolution
		{C1FD3070-7FC8-4E20-BA49-13E576B6F852}.Debug|Any CPU.ActiveCfg = Debug|x86
		{C1FD3070-7FC8-4E20-BA49-13E576B6F852}.Debug|Any CPU.Build.0 = Debug|x86
		{C1FD3070-7FC8-4E20-BA49-13E576B6F852}.Debug|Any CPU.Deploy.0 = Debug|x86
		{C1FD3070-7FC8-4E20-BA49-13E576B6F852}.Debug|ARM.ActiveCfg = Debug|ARM
		{C1FD3070-7FC8-4E20-BA49-13E576B6F852}.Debug|ARM.Build.0 = Debug|ARM
		{C1FD3070-7FC8-4E20-BA49-13E576B6F852}.Debug|ARM.Deploy.0 = Debug|ARM
		{C1FD3070-7FC8-4E20-BA49-13E576B6F852}.Debug|Mixed Platforms.ActiveCfg = Debug|x86
		{C1FD3070-7FC8-4E20-BA49-13E576B6F852}.Debug|Mixed Platforms.Build.0 = Debug|x86
		{C1FD3070-7FC8-4E20-BA49-13E576B6F852}.Debug|Mixed Platforms.Deploy.0 = Debug|x86
		{C1FD3070-7FC8-4E20-BA49-13E576B6F852}.Debug|x64.ActiveCfg = Debug|Any CPU
		{C1FD3070-7FC8-4E20-BA49-13E576B6F852}.Debug|x86.ActiveCfg = Debug|x86
		{C1FD3070-7FC8-4E20-BA49-13E576B6F852}.DebugFull|Any CPU.ActiveCfg = DebugFull|x86
		{C1FD3070-7FC8-4E20-BA49-13E576B6F852}.DebugFull|Any CPU.Build.0 = DebugFull|x86
		{C1FD3070-7FC8-4E20-BA49-13E576B6F852}.DebugFull|Any CPU.Deploy.0 = DebugFull|x86
		{C1FD3070-7FC8-4E20-BA49-13E576B6F852}.DebugFull|ARM.ActiveCfg = DebugFull|ARM
		{C1FD3070-7FC8-4E20-BA49-13E576B6F852}.DebugFull|ARM.Build.0 = DebugFull|ARM
		{C1FD3070-7FC8-4E20-BA49-13E576B6F852}.DebugFull|ARM.Deploy.0 = DebugFull|ARM
		{C1FD3070-7FC8-4E20-BA49-13E576B6F852}.DebugFull|Mixed Platforms.ActiveCfg = DebugFull|x86
		{C1FD3070-7FC8-4E20-BA49-13E576B6F852}.DebugFull|Mixed Platforms.Build.0 = DebugFull|x86
		{C1FD3070-7FC8-4E20-BA49-13E576B6F852}.DebugFull|Mixed Platforms.Deploy.0 = DebugFull|x86
		{C1FD3070-7FC8-4E20-BA49-13E576B6F852}.DebugFull|x64.ActiveCfg = DebugFull|Any CPU
		{C1FD3070-7FC8-4E20-BA49-13E576B6F852}.DebugFull|x64.Build.0 = DebugFull|Any CPU
		{C1FD3070-7FC8-4E20-BA49-13E576B6F852}.DebugFull|x64.Deploy.0 = DebugFull|Any CPU
		{C1FD3070-7FC8-4E20-BA49-13E576B6F852}.DebugFull|x86.ActiveCfg = DebugFull|x86
		{C1FD3070-7FC8-4E20-BA49-13E576B6F852}.DebugFull|x86.Build.0 = DebugFull|x86
		{C1FD3070-7FC8-4E20-BA49-13E576B6F852}.DebugFull|x86.Deploy.0 = DebugFull|x86
		{C1FD3070-7FC8-4E20-BA49-13E576B6F852}.Release|Any CPU.ActiveCfg = Release|Any CPU
		{C1FD3070-7FC8-4E20-BA49-13E576B6F852}.Release|Any CPU.Build.0 = Release|Any CPU
		{C1FD3070-7FC8-4E20-BA49-13E576B6F852}.Release|Any CPU.Deploy.0 = Release|Any CPU
		{C1FD3070-7FC8-4E20-BA49-13E576B6F852}.Release|ARM.ActiveCfg = Release|ARM
		{C1FD3070-7FC8-4E20-BA49-13E576B6F852}.Release|ARM.Build.0 = Release|ARM
		{C1FD3070-7FC8-4E20-BA49-13E576B6F852}.Release|ARM.Deploy.0 = Release|ARM
		{C1FD3070-7FC8-4E20-BA49-13E576B6F852}.Release|Mixed Platforms.ActiveCfg = Release|x86
		{C1FD3070-7FC8-4E20-BA49-13E576B6F852}.Release|Mixed Platforms.Build.0 = Release|x86
		{C1FD3070-7FC8-4E20-BA49-13E576B6F852}.Release|Mixed Platforms.Deploy.0 = Release|x86
		{C1FD3070-7FC8-4E20-BA49-13E576B6F852}.Release|x64.ActiveCfg = Release|Any CPU
		{C1FD3070-7FC8-4E20-BA49-13E576B6F852}.Release|x86.ActiveCfg = Release|x86
		{C1FD3070-7FC8-4E20-BA49-13E576B6F852}.Release|x86.Build.0 = Release|x86
		{C1FD3070-7FC8-4E20-BA49-13E576B6F852}.Release|x86.Deploy.0 = Release|x86
		{C1FD3070-7FC8-4E20-BA49-13E576B6F852}.ReleaseFull|Any CPU.ActiveCfg = ReleaseFull|x86
		{C1FD3070-7FC8-4E20-BA49-13E576B6F852}.ReleaseFull|Any CPU.Build.0 = ReleaseFull|x86
		{C1FD3070-7FC8-4E20-BA49-13E576B6F852}.ReleaseFull|Any CPU.Deploy.0 = ReleaseFull|x86
		{C1FD3070-7FC8-4E20-BA49-13E576B6F852}.ReleaseFull|ARM.ActiveCfg = ReleaseFull|ARM
		{C1FD3070-7FC8-4E20-BA49-13E576B6F852}.ReleaseFull|ARM.Build.0 = ReleaseFull|ARM
		{C1FD3070-7FC8-4E20-BA49-13E576B6F852}.ReleaseFull|ARM.Deploy.0 = ReleaseFull|ARM
		{C1FD3070-7FC8-4E20-BA49-13E576B6F852}.ReleaseFull|Mixed Platforms.ActiveCfg = ReleaseFull|x86
		{C1FD3070-7FC8-4E20-BA49-13E576B6F852}.ReleaseFull|Mixed Platforms.Build.0 = ReleaseFull|x86
		{C1FD3070-7FC8-4E20-BA49-13E576B6F852}.ReleaseFull|Mixed Platforms.Deploy.0 = ReleaseFull|x86
		{C1FD3070-7FC8-4E20-BA49-13E576B6F852}.ReleaseFull|x64.ActiveCfg = ReleaseFull|Any CPU
		{C1FD3070-7FC8-4E20-BA49-13E576B6F852}.ReleaseFull|x64.Build.0 = ReleaseFull|Any CPU
		{C1FD3070-7FC8-4E20-BA49-13E576B6F852}.ReleaseFull|x64.Deploy.0 = ReleaseFull|Any CPU
		{C1FD3070-7FC8-4E20-BA49-13E576B6F852}.ReleaseFull|x86.ActiveCfg = ReleaseFull|x86
		{C1FD3070-7FC8-4E20-BA49-13E576B6F852}.ReleaseFull|x86.Build.0 = ReleaseFull|x86
		{C1FD3070-7FC8-4E20-BA49-13E576B6F852}.ReleaseFull|x86.Deploy.0 = ReleaseFull|x86
		{28AF1E71-69EB-4D02-9F07-6EEAD1F117AF}.Debug|Any CPU.ActiveCfg = Debug|Any CPU
		{28AF1E71-69EB-4D02-9F07-6EEAD1F117AF}.Debug|Any CPU.Build.0 = Debug|Any CPU
		{28AF1E71-69EB-4D02-9F07-6EEAD1F117AF}.Debug|ARM.ActiveCfg = Debug|Any CPU
		{28AF1E71-69EB-4D02-9F07-6EEAD1F117AF}.Debug|ARM.Build.0 = Debug|Any CPU
		{28AF1E71-69EB-4D02-9F07-6EEAD1F117AF}.Debug|Mixed Platforms.ActiveCfg = Debug|Any CPU
		{28AF1E71-69EB-4D02-9F07-6EEAD1F117AF}.Debug|Mixed Platforms.Build.0 = Debug|Any CPU
		{28AF1E71-69EB-4D02-9F07-6EEAD1F117AF}.Debug|x64.ActiveCfg = Debug|Any CPU
		{28AF1E71-69EB-4D02-9F07-6EEAD1F117AF}.Debug|x64.Build.0 = Debug|Any CPU
		{28AF1E71-69EB-4D02-9F07-6EEAD1F117AF}.Debug|x86.ActiveCfg = Debug|Any CPU
		{28AF1E71-69EB-4D02-9F07-6EEAD1F117AF}.Debug|x86.Build.0 = Debug|Any CPU
		{28AF1E71-69EB-4D02-9F07-6EEAD1F117AF}.DebugFull|Any CPU.ActiveCfg = DebugFull|Any CPU
		{28AF1E71-69EB-4D02-9F07-6EEAD1F117AF}.DebugFull|Any CPU.Build.0 = DebugFull|Any CPU
		{28AF1E71-69EB-4D02-9F07-6EEAD1F117AF}.DebugFull|ARM.ActiveCfg = DebugFull|Any CPU
		{28AF1E71-69EB-4D02-9F07-6EEAD1F117AF}.DebugFull|ARM.Build.0 = DebugFull|Any CPU
		{28AF1E71-69EB-4D02-9F07-6EEAD1F117AF}.DebugFull|Mixed Platforms.ActiveCfg = DebugFull|Any CPU
		{28AF1E71-69EB-4D02-9F07-6EEAD1F117AF}.DebugFull|Mixed Platforms.Build.0 = DebugFull|Any CPU
		{28AF1E71-69EB-4D02-9F07-6EEAD1F117AF}.DebugFull|x64.ActiveCfg = DebugFull|Any CPU
		{28AF1E71-69EB-4D02-9F07-6EEAD1F117AF}.DebugFull|x64.Build.0 = DebugFull|Any CPU
		{28AF1E71-69EB-4D02-9F07-6EEAD1F117AF}.DebugFull|x86.ActiveCfg = DebugFull|Any CPU
		{28AF1E71-69EB-4D02-9F07-6EEAD1F117AF}.DebugFull|x86.Build.0 = DebugFull|Any CPU
		{28AF1E71-69EB-4D02-9F07-6EEAD1F117AF}.Release|Any CPU.ActiveCfg = Release|Any CPU
		{28AF1E71-69EB-4D02-9F07-6EEAD1F117AF}.Release|Any CPU.Build.0 = Release|Any CPU
		{28AF1E71-69EB-4D02-9F07-6EEAD1F117AF}.Release|ARM.ActiveCfg = Release|Any CPU
		{28AF1E71-69EB-4D02-9F07-6EEAD1F117AF}.Release|ARM.Build.0 = Release|Any CPU
		{28AF1E71-69EB-4D02-9F07-6EEAD1F117AF}.Release|Mixed Platforms.ActiveCfg = Release|Any CPU
		{28AF1E71-69EB-4D02-9F07-6EEAD1F117AF}.Release|Mixed Platforms.Build.0 = Release|Any CPU
		{28AF1E71-69EB-4D02-9F07-6EEAD1F117AF}.Release|x64.ActiveCfg = Release|Any CPU
		{28AF1E71-69EB-4D02-9F07-6EEAD1F117AF}.Release|x64.Build.0 = Release|Any CPU
		{28AF1E71-69EB-4D02-9F07-6EEAD1F117AF}.Release|x86.ActiveCfg = Release|Any CPU
		{28AF1E71-69EB-4D02-9F07-6EEAD1F117AF}.Release|x86.Build.0 = Release|Any CPU
		{28AF1E71-69EB-4D02-9F07-6EEAD1F117AF}.ReleaseFull|Any CPU.ActiveCfg = ReleaseFull|Any CPU
		{28AF1E71-69EB-4D02-9F07-6EEAD1F117AF}.ReleaseFull|Any CPU.Build.0 = ReleaseFull|Any CPU
		{28AF1E71-69EB-4D02-9F07-6EEAD1F117AF}.ReleaseFull|ARM.ActiveCfg = ReleaseFull|Any CPU
		{28AF1E71-69EB-4D02-9F07-6EEAD1F117AF}.ReleaseFull|ARM.Build.0 = ReleaseFull|Any CPU
		{28AF1E71-69EB-4D02-9F07-6EEAD1F117AF}.ReleaseFull|Mixed Platforms.ActiveCfg = ReleaseFull|Any CPU
		{28AF1E71-69EB-4D02-9F07-6EEAD1F117AF}.ReleaseFull|Mixed Platforms.Build.0 = ReleaseFull|Any CPU
		{28AF1E71-69EB-4D02-9F07-6EEAD1F117AF}.ReleaseFull|x64.ActiveCfg = ReleaseFull|Any CPU
		{28AF1E71-69EB-4D02-9F07-6EEAD1F117AF}.ReleaseFull|x64.Build.0 = ReleaseFull|Any CPU
		{28AF1E71-69EB-4D02-9F07-6EEAD1F117AF}.ReleaseFull|x86.ActiveCfg = ReleaseFull|Any CPU
		{28AF1E71-69EB-4D02-9F07-6EEAD1F117AF}.ReleaseFull|x86.Build.0 = ReleaseFull|Any CPU
		{E772FD74-56DC-4398-B85D-F33D34C2F11B}.Debug|Any CPU.ActiveCfg = Debug|Any CPU
		{E772FD74-56DC-4398-B85D-F33D34C2F11B}.Debug|Any CPU.Build.0 = Debug|Any CPU
		{E772FD74-56DC-4398-B85D-F33D34C2F11B}.Debug|ARM.ActiveCfg = Debug|Any CPU
		{E772FD74-56DC-4398-B85D-F33D34C2F11B}.Debug|ARM.Build.0 = Debug|Any CPU
		{E772FD74-56DC-4398-B85D-F33D34C2F11B}.Debug|Mixed Platforms.ActiveCfg = Debug|Any CPU
		{E772FD74-56DC-4398-B85D-F33D34C2F11B}.Debug|Mixed Platforms.Build.0 = Debug|Any CPU
		{E772FD74-56DC-4398-B85D-F33D34C2F11B}.Debug|x64.ActiveCfg = Debug|Any CPU
		{E772FD74-56DC-4398-B85D-F33D34C2F11B}.Debug|x64.Build.0 = Debug|Any CPU
		{E772FD74-56DC-4398-B85D-F33D34C2F11B}.Debug|x86.ActiveCfg = Debug|Any CPU
		{E772FD74-56DC-4398-B85D-F33D34C2F11B}.Debug|x86.Build.0 = Debug|Any CPU
		{E772FD74-56DC-4398-B85D-F33D34C2F11B}.DebugFull|Any CPU.ActiveCfg = DebugFull|Any CPU
		{E772FD74-56DC-4398-B85D-F33D34C2F11B}.DebugFull|Any CPU.Build.0 = DebugFull|Any CPU
		{E772FD74-56DC-4398-B85D-F33D34C2F11B}.DebugFull|ARM.ActiveCfg = DebugFull|Any CPU
		{E772FD74-56DC-4398-B85D-F33D34C2F11B}.DebugFull|ARM.Build.0 = DebugFull|Any CPU
		{E772FD74-56DC-4398-B85D-F33D34C2F11B}.DebugFull|Mixed Platforms.ActiveCfg = DebugFull|Any CPU
		{E772FD74-56DC-4398-B85D-F33D34C2F11B}.DebugFull|Mixed Platforms.Build.0 = DebugFull|Any CPU
		{E772FD74-56DC-4398-B85D-F33D34C2F11B}.DebugFull|x64.ActiveCfg = DebugFull|Any CPU
		{E772FD74-56DC-4398-B85D-F33D34C2F11B}.DebugFull|x64.Build.0 = DebugFull|Any CPU
		{E772FD74-56DC-4398-B85D-F33D34C2F11B}.DebugFull|x86.ActiveCfg = DebugFull|Any CPU
		{E772FD74-56DC-4398-B85D-F33D34C2F11B}.DebugFull|x86.Build.0 = DebugFull|Any CPU
		{E772FD74-56DC-4398-B85D-F33D34C2F11B}.Release|Any CPU.ActiveCfg = Release|Any CPU
		{E772FD74-56DC-4398-B85D-F33D34C2F11B}.Release|Any CPU.Build.0 = Release|Any CPU
		{E772FD74-56DC-4398-B85D-F33D34C2F11B}.Release|ARM.ActiveCfg = Release|Any CPU
		{E772FD74-56DC-4398-B85D-F33D34C2F11B}.Release|ARM.Build.0 = Release|Any CPU
		{E772FD74-56DC-4398-B85D-F33D34C2F11B}.Release|Mixed Platforms.ActiveCfg = Release|Any CPU
		{E772FD74-56DC-4398-B85D-F33D34C2F11B}.Release|Mixed Platforms.Build.0 = Release|Any CPU
		{E772FD74-56DC-4398-B85D-F33D34C2F11B}.Release|x64.ActiveCfg = Release|Any CPU
		{E772FD74-56DC-4398-B85D-F33D34C2F11B}.Release|x64.Build.0 = Release|Any CPU
		{E772FD74-56DC-4398-B85D-F33D34C2F11B}.Release|x86.ActiveCfg = Release|Any CPU
		{E772FD74-56DC-4398-B85D-F33D34C2F11B}.Release|x86.Build.0 = Release|Any CPU
		{E772FD74-56DC-4398-B85D-F33D34C2F11B}.ReleaseFull|Any CPU.ActiveCfg = ReleaseFull|Any CPU
		{E772FD74-56DC-4398-B85D-F33D34C2F11B}.ReleaseFull|Any CPU.Build.0 = ReleaseFull|Any CPU
		{E772FD74-56DC-4398-B85D-F33D34C2F11B}.ReleaseFull|ARM.ActiveCfg = ReleaseFull|Any CPU
		{E772FD74-56DC-4398-B85D-F33D34C2F11B}.ReleaseFull|ARM.Build.0 = ReleaseFull|Any CPU
		{E772FD74-56DC-4398-B85D-F33D34C2F11B}.ReleaseFull|Mixed Platforms.ActiveCfg = ReleaseFull|Any CPU
		{E772FD74-56DC-4398-B85D-F33D34C2F11B}.ReleaseFull|Mixed Platforms.Build.0 = ReleaseFull|Any CPU
		{E772FD74-56DC-4398-B85D-F33D34C2F11B}.ReleaseFull|x64.ActiveCfg = ReleaseFull|Any CPU
		{E772FD74-56DC-4398-B85D-F33D34C2F11B}.ReleaseFull|x64.Build.0 = ReleaseFull|Any CPU
		{E772FD74-56DC-4398-B85D-F33D34C2F11B}.ReleaseFull|x86.ActiveCfg = ReleaseFull|Any CPU
		{E772FD74-56DC-4398-B85D-F33D34C2F11B}.ReleaseFull|x86.Build.0 = ReleaseFull|Any CPU
		{0C76FE69-8E32-4222-9FE4-C975A48EDBD9}.Debug|Any CPU.ActiveCfg = Debug|Any CPU
		{0C76FE69-8E32-4222-9FE4-C975A48EDBD9}.Debug|Any CPU.Build.0 = Debug|Any CPU
		{0C76FE69-8E32-4222-9FE4-C975A48EDBD9}.Debug|ARM.ActiveCfg = Debug|Any CPU
		{0C76FE69-8E32-4222-9FE4-C975A48EDBD9}.Debug|ARM.Build.0 = Debug|Any CPU
		{0C76FE69-8E32-4222-9FE4-C975A48EDBD9}.Debug|Mixed Platforms.ActiveCfg = Debug|Any CPU
		{0C76FE69-8E32-4222-9FE4-C975A48EDBD9}.Debug|Mixed Platforms.Build.0 = Debug|Any CPU
		{0C76FE69-8E32-4222-9FE4-C975A48EDBD9}.Debug|x64.ActiveCfg = Debug|Any CPU
		{0C76FE69-8E32-4222-9FE4-C975A48EDBD9}.Debug|x64.Build.0 = Debug|Any CPU
		{0C76FE69-8E32-4222-9FE4-C975A48EDBD9}.Debug|x86.ActiveCfg = Debug|Any CPU
		{0C76FE69-8E32-4222-9FE4-C975A48EDBD9}.Debug|x86.Build.0 = Debug|Any CPU
		{0C76FE69-8E32-4222-9FE4-C975A48EDBD9}.DebugFull|Any CPU.ActiveCfg = DebugFull|Any CPU
		{0C76FE69-8E32-4222-9FE4-C975A48EDBD9}.DebugFull|Any CPU.Build.0 = DebugFull|Any CPU
		{0C76FE69-8E32-4222-9FE4-C975A48EDBD9}.DebugFull|ARM.ActiveCfg = DebugFull|Any CPU
		{0C76FE69-8E32-4222-9FE4-C975A48EDBD9}.DebugFull|ARM.Build.0 = DebugFull|Any CPU
		{0C76FE69-8E32-4222-9FE4-C975A48EDBD9}.DebugFull|Mixed Platforms.ActiveCfg = DebugFull|Any CPU
		{0C76FE69-8E32-4222-9FE4-C975A48EDBD9}.DebugFull|Mixed Platforms.Build.0 = DebugFull|Any CPU
		{0C76FE69-8E32-4222-9FE4-C975A48EDBD9}.DebugFull|x64.ActiveCfg = DebugFull|Any CPU
		{0C76FE69-8E32-4222-9FE4-C975A48EDBD9}.DebugFull|x64.Build.0 = DebugFull|Any CPU
		{0C76FE69-8E32-4222-9FE4-C975A48EDBD9}.DebugFull|x86.ActiveCfg = DebugFull|Any CPU
		{0C76FE69-8E32-4222-9FE4-C975A48EDBD9}.DebugFull|x86.Build.0 = DebugFull|Any CPU
		{0C76FE69-8E32-4222-9FE4-C975A48EDBD9}.Release|Any CPU.ActiveCfg = Release|Any CPU
		{0C76FE69-8E32-4222-9FE4-C975A48EDBD9}.Release|Any CPU.Build.0 = Release|Any CPU
		{0C76FE69-8E32-4222-9FE4-C975A48EDBD9}.Release|ARM.ActiveCfg = Release|Any CPU
		{0C76FE69-8E32-4222-9FE4-C975A48EDBD9}.Release|ARM.Build.0 = Release|Any CPU
		{0C76FE69-8E32-4222-9FE4-C975A48EDBD9}.Release|Mixed Platforms.ActiveCfg = Release|Any CPU
		{0C76FE69-8E32-4222-9FE4-C975A48EDBD9}.Release|Mixed Platforms.Build.0 = Release|Any CPU
		{0C76FE69-8E32-4222-9FE4-C975A48EDBD9}.Release|x64.ActiveCfg = Release|Any CPU
		{0C76FE69-8E32-4222-9FE4-C975A48EDBD9}.Release|x64.Build.0 = Release|Any CPU
		{0C76FE69-8E32-4222-9FE4-C975A48EDBD9}.Release|x86.ActiveCfg = Release|Any CPU
		{0C76FE69-8E32-4222-9FE4-C975A48EDBD9}.Release|x86.Build.0 = Release|Any CPU
		{0C76FE69-8E32-4222-9FE4-C975A48EDBD9}.ReleaseFull|Any CPU.ActiveCfg = ReleaseFull|Any CPU
		{0C76FE69-8E32-4222-9FE4-C975A48EDBD9}.ReleaseFull|Any CPU.Build.0 = ReleaseFull|Any CPU
		{0C76FE69-8E32-4222-9FE4-C975A48EDBD9}.ReleaseFull|ARM.ActiveCfg = ReleaseFull|Any CPU
		{0C76FE69-8E32-4222-9FE4-C975A48EDBD9}.ReleaseFull|ARM.Build.0 = ReleaseFull|Any CPU
		{0C76FE69-8E32-4222-9FE4-C975A48EDBD9}.ReleaseFull|Mixed Platforms.ActiveCfg = ReleaseFull|Any CPU
		{0C76FE69-8E32-4222-9FE4-C975A48EDBD9}.ReleaseFull|Mixed Platforms.Build.0 = ReleaseFull|Any CPU
		{0C76FE69-8E32-4222-9FE4-C975A48EDBD9}.ReleaseFull|x64.ActiveCfg = ReleaseFull|Any CPU
		{0C76FE69-8E32-4222-9FE4-C975A48EDBD9}.ReleaseFull|x64.Build.0 = ReleaseFull|Any CPU
		{0C76FE69-8E32-4222-9FE4-C975A48EDBD9}.ReleaseFull|x86.ActiveCfg = ReleaseFull|Any CPU
		{0C76FE69-8E32-4222-9FE4-C975A48EDBD9}.ReleaseFull|x86.Build.0 = ReleaseFull|Any CPU
		{8EF80BF9-99EE-4565-AA0D-69FD2B47169D}.Debug|Any CPU.ActiveCfg = Debug|Any CPU
		{8EF80BF9-99EE-4565-AA0D-69FD2B47169D}.Debug|Any CPU.Build.0 = Debug|Any CPU
		{8EF80BF9-99EE-4565-AA0D-69FD2B47169D}.Debug|ARM.ActiveCfg = Debug|Any CPU
		{8EF80BF9-99EE-4565-AA0D-69FD2B47169D}.Debug|ARM.Build.0 = Debug|Any CPU
		{8EF80BF9-99EE-4565-AA0D-69FD2B47169D}.Debug|Mixed Platforms.ActiveCfg = Debug|Any CPU
		{8EF80BF9-99EE-4565-AA0D-69FD2B47169D}.Debug|Mixed Platforms.Build.0 = Debug|Any CPU
		{8EF80BF9-99EE-4565-AA0D-69FD2B47169D}.Debug|x64.ActiveCfg = Debug|Any CPU
		{8EF80BF9-99EE-4565-AA0D-69FD2B47169D}.Debug|x64.Build.0 = Debug|Any CPU
		{8EF80BF9-99EE-4565-AA0D-69FD2B47169D}.Debug|x86.ActiveCfg = Debug|Any CPU
		{8EF80BF9-99EE-4565-AA0D-69FD2B47169D}.Debug|x86.Build.0 = Debug|Any CPU
		{8EF80BF9-99EE-4565-AA0D-69FD2B47169D}.DebugFull|Any CPU.ActiveCfg = DebugFull|Any CPU
		{8EF80BF9-99EE-4565-AA0D-69FD2B47169D}.DebugFull|Any CPU.Build.0 = DebugFull|Any CPU
		{8EF80BF9-99EE-4565-AA0D-69FD2B47169D}.DebugFull|ARM.ActiveCfg = DebugFull|Any CPU
		{8EF80BF9-99EE-4565-AA0D-69FD2B47169D}.DebugFull|ARM.Build.0 = DebugFull|Any CPU
		{8EF80BF9-99EE-4565-AA0D-69FD2B47169D}.DebugFull|Mixed Platforms.ActiveCfg = DebugFull|Any CPU
		{8EF80BF9-99EE-4565-AA0D-69FD2B47169D}.DebugFull|Mixed Platforms.Build.0 = DebugFull|Any CPU
		{8EF80BF9-99EE-4565-AA0D-69FD2B47169D}.DebugFull|x64.ActiveCfg = DebugFull|Any CPU
		{8EF80BF9-99EE-4565-AA0D-69FD2B47169D}.DebugFull|x64.Build.0 = DebugFull|Any CPU
		{8EF80BF9-99EE-4565-AA0D-69FD2B47169D}.DebugFull|x86.ActiveCfg = DebugFull|Any CPU
		{8EF80BF9-99EE-4565-AA0D-69FD2B47169D}.DebugFull|x86.Build.0 = DebugFull|Any CPU
		{8EF80BF9-99EE-4565-AA0D-69FD2B47169D}.Release|Any CPU.ActiveCfg = Release|Any CPU
		{8EF80BF9-99EE-4565-AA0D-69FD2B47169D}.Release|Any CPU.Build.0 = Release|Any CPU
		{8EF80BF9-99EE-4565-AA0D-69FD2B47169D}.Release|ARM.ActiveCfg = Release|Any CPU
		{8EF80BF9-99EE-4565-AA0D-69FD2B47169D}.Release|ARM.Build.0 = Release|Any CPU
		{8EF80BF9-99EE-4565-AA0D-69FD2B47169D}.Release|Mixed Platforms.ActiveCfg = Release|Any CPU
		{8EF80BF9-99EE-4565-AA0D-69FD2B47169D}.Release|Mixed Platforms.Build.0 = Release|Any CPU
		{8EF80BF9-99EE-4565-AA0D-69FD2B47169D}.Release|x64.ActiveCfg = Release|Any CPU
		{8EF80BF9-99EE-4565-AA0D-69FD2B47169D}.Release|x64.Build.0 = Release|Any CPU
		{8EF80BF9-99EE-4565-AA0D-69FD2B47169D}.Release|x86.ActiveCfg = Release|Any CPU
		{8EF80BF9-99EE-4565-AA0D-69FD2B47169D}.Release|x86.Build.0 = Release|Any CPU
		{8EF80BF9-99EE-4565-AA0D-69FD2B47169D}.ReleaseFull|Any CPU.ActiveCfg = ReleaseFull|Any CPU
		{8EF80BF9-99EE-4565-AA0D-69FD2B47169D}.ReleaseFull|ARM.ActiveCfg = ReleaseFull|Any CPU
		{8EF80BF9-99EE-4565-AA0D-69FD2B47169D}.ReleaseFull|ARM.Build.0 = ReleaseFull|Any CPU
		{8EF80BF9-99EE-4565-AA0D-69FD2B47169D}.ReleaseFull|Mixed Platforms.ActiveCfg = ReleaseFull|Any CPU
		{8EF80BF9-99EE-4565-AA0D-69FD2B47169D}.ReleaseFull|Mixed Platforms.Build.0 = ReleaseFull|Any CPU
		{8EF80BF9-99EE-4565-AA0D-69FD2B47169D}.ReleaseFull|x64.ActiveCfg = ReleaseFull|Any CPU
		{8EF80BF9-99EE-4565-AA0D-69FD2B47169D}.ReleaseFull|x64.Build.0 = ReleaseFull|Any CPU
		{8EF80BF9-99EE-4565-AA0D-69FD2B47169D}.ReleaseFull|x86.ActiveCfg = ReleaseFull|Any CPU
		{8EF80BF9-99EE-4565-AA0D-69FD2B47169D}.ReleaseFull|x86.Build.0 = ReleaseFull|Any CPU
		{72DB73BE-2845-4991-94C9-7342241FEC3E}.Debug|Any CPU.ActiveCfg = Debug|x86
		{72DB73BE-2845-4991-94C9-7342241FEC3E}.Debug|Any CPU.Build.0 = Debug|x86
		{72DB73BE-2845-4991-94C9-7342241FEC3E}.Debug|ARM.ActiveCfg = Debug|ARM
		{72DB73BE-2845-4991-94C9-7342241FEC3E}.Debug|ARM.Build.0 = Debug|ARM
		{72DB73BE-2845-4991-94C9-7342241FEC3E}.Debug|Mixed Platforms.ActiveCfg = Debug|x86
		{72DB73BE-2845-4991-94C9-7342241FEC3E}.Debug|Mixed Platforms.Build.0 = Debug|x86
		{72DB73BE-2845-4991-94C9-7342241FEC3E}.Debug|x64.ActiveCfg = Debug|Any CPU
		{72DB73BE-2845-4991-94C9-7342241FEC3E}.Debug|x64.Build.0 = Debug|Any CPU
		{72DB73BE-2845-4991-94C9-7342241FEC3E}.Debug|x86.ActiveCfg = Debug|x86
		{72DB73BE-2845-4991-94C9-7342241FEC3E}.Debug|x86.Build.0 = Debug|x86
		{72DB73BE-2845-4991-94C9-7342241FEC3E}.DebugFull|Any CPU.ActiveCfg = DebugFull|x86
		{72DB73BE-2845-4991-94C9-7342241FEC3E}.DebugFull|Any CPU.Build.0 = DebugFull|x86
		{72DB73BE-2845-4991-94C9-7342241FEC3E}.DebugFull|ARM.ActiveCfg = DebugFull|ARM
		{72DB73BE-2845-4991-94C9-7342241FEC3E}.DebugFull|ARM.Build.0 = DebugFull|ARM
		{72DB73BE-2845-4991-94C9-7342241FEC3E}.DebugFull|Mixed Platforms.ActiveCfg = DebugFull|x86
		{72DB73BE-2845-4991-94C9-7342241FEC3E}.DebugFull|Mixed Platforms.Build.0 = DebugFull|x86
		{72DB73BE-2845-4991-94C9-7342241FEC3E}.DebugFull|x64.ActiveCfg = DebugFull|Any CPU
		{72DB73BE-2845-4991-94C9-7342241FEC3E}.DebugFull|x64.Build.0 = DebugFull|Any CPU
		{72DB73BE-2845-4991-94C9-7342241FEC3E}.DebugFull|x86.ActiveCfg = DebugFull|x86
		{72DB73BE-2845-4991-94C9-7342241FEC3E}.DebugFull|x86.Build.0 = DebugFull|x86
		{72DB73BE-2845-4991-94C9-7342241FEC3E}.Release|Any CPU.ActiveCfg = Release|Any CPU
		{72DB73BE-2845-4991-94C9-7342241FEC3E}.Release|Any CPU.Build.0 = Release|Any CPU
		{72DB73BE-2845-4991-94C9-7342241FEC3E}.Release|ARM.ActiveCfg = Release|ARM
		{72DB73BE-2845-4991-94C9-7342241FEC3E}.Release|ARM.Build.0 = Release|ARM
		{72DB73BE-2845-4991-94C9-7342241FEC3E}.Release|Mixed Platforms.ActiveCfg = Release|x86
		{72DB73BE-2845-4991-94C9-7342241FEC3E}.Release|Mixed Platforms.Build.0 = Release|x86
		{72DB73BE-2845-4991-94C9-7342241FEC3E}.Release|x64.ActiveCfg = Release|Any CPU
		{72DB73BE-2845-4991-94C9-7342241FEC3E}.Release|x64.Build.0 = Release|Any CPU
		{72DB73BE-2845-4991-94C9-7342241FEC3E}.Release|x86.ActiveCfg = Release|x86
		{72DB73BE-2845-4991-94C9-7342241FEC3E}.Release|x86.Build.0 = Release|x86
		{72DB73BE-2845-4991-94C9-7342241FEC3E}.ReleaseFull|Any CPU.ActiveCfg = ReleaseFull|x86
		{72DB73BE-2845-4991-94C9-7342241FEC3E}.ReleaseFull|Any CPU.Build.0 = ReleaseFull|x86
		{72DB73BE-2845-4991-94C9-7342241FEC3E}.ReleaseFull|ARM.ActiveCfg = Release|ARM
		{72DB73BE-2845-4991-94C9-7342241FEC3E}.ReleaseFull|ARM.Build.0 = Release|ARM
		{72DB73BE-2845-4991-94C9-7342241FEC3E}.ReleaseFull|Mixed Platforms.ActiveCfg = ReleaseFull|x86
		{72DB73BE-2845-4991-94C9-7342241FEC3E}.ReleaseFull|Mixed Platforms.Build.0 = ReleaseFull|x86
		{72DB73BE-2845-4991-94C9-7342241FEC3E}.ReleaseFull|x64.ActiveCfg = Release|Any CPU
		{72DB73BE-2845-4991-94C9-7342241FEC3E}.ReleaseFull|x64.Build.0 = Release|Any CPU
		{72DB73BE-2845-4991-94C9-7342241FEC3E}.ReleaseFull|x86.ActiveCfg = Release|x86
		{72DB73BE-2845-4991-94C9-7342241FEC3E}.ReleaseFull|x86.Build.0 = Release|x86
		{8A78FE74-730A-4D36-8C44-32DF960AD957}.Debug|Any CPU.ActiveCfg = Debug|Any CPU
		{8A78FE74-730A-4D36-8C44-32DF960AD957}.Debug|Any CPU.Build.0 = Debug|Any CPU
		{8A78FE74-730A-4D36-8C44-32DF960AD957}.Debug|ARM.ActiveCfg = Debug|Any CPU
		{8A78FE74-730A-4D36-8C44-32DF960AD957}.Debug|ARM.Build.0 = Debug|Any CPU
		{8A78FE74-730A-4D36-8C44-32DF960AD957}.Debug|Mixed Platforms.ActiveCfg = Debug|Any CPU
		{8A78FE74-730A-4D36-8C44-32DF960AD957}.Debug|Mixed Platforms.Build.0 = Debug|Any CPU
		{8A78FE74-730A-4D36-8C44-32DF960AD957}.Debug|x64.ActiveCfg = Debug|Any CPU
		{8A78FE74-730A-4D36-8C44-32DF960AD957}.Debug|x64.Build.0 = Debug|Any CPU
		{8A78FE74-730A-4D36-8C44-32DF960AD957}.Debug|x86.ActiveCfg = Debug|Any CPU
		{8A78FE74-730A-4D36-8C44-32DF960AD957}.Debug|x86.Build.0 = Debug|Any CPU
		{8A78FE74-730A-4D36-8C44-32DF960AD957}.DebugFull|Any CPU.ActiveCfg = DebugFull|Any CPU
		{8A78FE74-730A-4D36-8C44-32DF960AD957}.DebugFull|Any CPU.Build.0 = DebugFull|Any CPU
		{8A78FE74-730A-4D36-8C44-32DF960AD957}.DebugFull|ARM.ActiveCfg = Debug|Any CPU
		{8A78FE74-730A-4D36-8C44-32DF960AD957}.DebugFull|ARM.Build.0 = Debug|Any CPU
		{8A78FE74-730A-4D36-8C44-32DF960AD957}.DebugFull|Mixed Platforms.ActiveCfg = Debug|Any CPU
		{8A78FE74-730A-4D36-8C44-32DF960AD957}.DebugFull|Mixed Platforms.Build.0 = Debug|Any CPU
		{8A78FE74-730A-4D36-8C44-32DF960AD957}.DebugFull|x64.ActiveCfg = Debug|Any CPU
		{8A78FE74-730A-4D36-8C44-32DF960AD957}.DebugFull|x64.Build.0 = Debug|Any CPU
		{8A78FE74-730A-4D36-8C44-32DF960AD957}.DebugFull|x86.ActiveCfg = Debug|Any CPU
		{8A78FE74-730A-4D36-8C44-32DF960AD957}.DebugFull|x86.Build.0 = Debug|Any CPU
		{8A78FE74-730A-4D36-8C44-32DF960AD957}.Release|Any CPU.ActiveCfg = Release|Any CPU
		{8A78FE74-730A-4D36-8C44-32DF960AD957}.Release|Any CPU.Build.0 = Release|Any CPU
		{8A78FE74-730A-4D36-8C44-32DF960AD957}.Release|ARM.ActiveCfg = Release|Any CPU
		{8A78FE74-730A-4D36-8C44-32DF960AD957}.Release|ARM.Build.0 = Release|Any CPU
		{8A78FE74-730A-4D36-8C44-32DF960AD957}.Release|Mixed Platforms.ActiveCfg = Release|Any CPU
		{8A78FE74-730A-4D36-8C44-32DF960AD957}.Release|Mixed Platforms.Build.0 = Release|Any CPU
		{8A78FE74-730A-4D36-8C44-32DF960AD957}.Release|x64.ActiveCfg = Release|Any CPU
		{8A78FE74-730A-4D36-8C44-32DF960AD957}.Release|x64.Build.0 = Release|Any CPU
		{8A78FE74-730A-4D36-8C44-32DF960AD957}.Release|x86.ActiveCfg = Release|Any CPU
		{8A78FE74-730A-4D36-8C44-32DF960AD957}.Release|x86.Build.0 = Release|Any CPU
		{8A78FE74-730A-4D36-8C44-32DF960AD957}.ReleaseFull|Any CPU.ActiveCfg = ReleaseFull|Any CPU
		{8A78FE74-730A-4D36-8C44-32DF960AD957}.ReleaseFull|Any CPU.Build.0 = ReleaseFull|Any CPU
		{8A78FE74-730A-4D36-8C44-32DF960AD957}.ReleaseFull|ARM.ActiveCfg = Release|Any CPU
		{8A78FE74-730A-4D36-8C44-32DF960AD957}.ReleaseFull|ARM.Build.0 = Release|Any CPU
		{8A78FE74-730A-4D36-8C44-32DF960AD957}.ReleaseFull|Mixed Platforms.ActiveCfg = Release|Any CPU
		{8A78FE74-730A-4D36-8C44-32DF960AD957}.ReleaseFull|Mixed Platforms.Build.0 = Release|Any CPU
		{8A78FE74-730A-4D36-8C44-32DF960AD957}.ReleaseFull|x64.ActiveCfg = Release|Any CPU
		{8A78FE74-730A-4D36-8C44-32DF960AD957}.ReleaseFull|x64.Build.0 = Release|Any CPU
		{8A78FE74-730A-4D36-8C44-32DF960AD957}.ReleaseFull|x86.ActiveCfg = Release|Any CPU
		{8A78FE74-730A-4D36-8C44-32DF960AD957}.ReleaseFull|x86.Build.0 = Release|Any CPU
		{773A3619-C084-40DA-A5FE-EDB2D26F9212}.Debug|Any CPU.ActiveCfg = Debug|x86
		{773A3619-C084-40DA-A5FE-EDB2D26F9212}.Debug|ARM.ActiveCfg = Debug|ARM
		{773A3619-C084-40DA-A5FE-EDB2D26F9212}.Debug|ARM.Build.0 = Debug|ARM
		{773A3619-C084-40DA-A5FE-EDB2D26F9212}.Debug|ARM.Deploy.0 = Debug|ARM
		{773A3619-C084-40DA-A5FE-EDB2D26F9212}.Debug|Mixed Platforms.ActiveCfg = Debug|x86
		{773A3619-C084-40DA-A5FE-EDB2D26F9212}.Debug|Mixed Platforms.Build.0 = Debug|x86
		{773A3619-C084-40DA-A5FE-EDB2D26F9212}.Debug|Mixed Platforms.Deploy.0 = Debug|x86
		{773A3619-C084-40DA-A5FE-EDB2D26F9212}.Debug|x64.ActiveCfg = Debug|x64
		{773A3619-C084-40DA-A5FE-EDB2D26F9212}.Debug|x64.Build.0 = Debug|x64
		{773A3619-C084-40DA-A5FE-EDB2D26F9212}.Debug|x64.Deploy.0 = Debug|x64
		{773A3619-C084-40DA-A5FE-EDB2D26F9212}.Debug|x86.ActiveCfg = Debug|x86
		{773A3619-C084-40DA-A5FE-EDB2D26F9212}.Debug|x86.Build.0 = Debug|x86
		{773A3619-C084-40DA-A5FE-EDB2D26F9212}.Debug|x86.Deploy.0 = Debug|x86
		{773A3619-C084-40DA-A5FE-EDB2D26F9212}.DebugFull|Any CPU.ActiveCfg = Release|x64
		{773A3619-C084-40DA-A5FE-EDB2D26F9212}.DebugFull|Any CPU.Build.0 = Release|x64
		{773A3619-C084-40DA-A5FE-EDB2D26F9212}.DebugFull|Any CPU.Deploy.0 = Release|x64
		{773A3619-C084-40DA-A5FE-EDB2D26F9212}.DebugFull|ARM.ActiveCfg = Debug|ARM
		{773A3619-C084-40DA-A5FE-EDB2D26F9212}.DebugFull|ARM.Build.0 = Debug|ARM
		{773A3619-C084-40DA-A5FE-EDB2D26F9212}.DebugFull|ARM.Deploy.0 = Debug|ARM
		{773A3619-C084-40DA-A5FE-EDB2D26F9212}.DebugFull|Mixed Platforms.ActiveCfg = Debug|x86
		{773A3619-C084-40DA-A5FE-EDB2D26F9212}.DebugFull|Mixed Platforms.Build.0 = Debug|x86
		{773A3619-C084-40DA-A5FE-EDB2D26F9212}.DebugFull|Mixed Platforms.Deploy.0 = Debug|x86
		{773A3619-C084-40DA-A5FE-EDB2D26F9212}.DebugFull|x64.ActiveCfg = Debug|x64
		{773A3619-C084-40DA-A5FE-EDB2D26F9212}.DebugFull|x64.Build.0 = Debug|x64
		{773A3619-C084-40DA-A5FE-EDB2D26F9212}.DebugFull|x64.Deploy.0 = Debug|x64
		{773A3619-C084-40DA-A5FE-EDB2D26F9212}.DebugFull|x86.ActiveCfg = Debug|x86
		{773A3619-C084-40DA-A5FE-EDB2D26F9212}.DebugFull|x86.Build.0 = Debug|x86
		{773A3619-C084-40DA-A5FE-EDB2D26F9212}.DebugFull|x86.Deploy.0 = Debug|x86
		{773A3619-C084-40DA-A5FE-EDB2D26F9212}.Release|Any CPU.ActiveCfg = Release|x86
		{773A3619-C084-40DA-A5FE-EDB2D26F9212}.Release|ARM.ActiveCfg = Release|ARM
		{773A3619-C084-40DA-A5FE-EDB2D26F9212}.Release|ARM.Build.0 = Release|ARM
		{773A3619-C084-40DA-A5FE-EDB2D26F9212}.Release|ARM.Deploy.0 = Release|ARM
		{773A3619-C084-40DA-A5FE-EDB2D26F9212}.Release|Mixed Platforms.ActiveCfg = Release|x86
		{773A3619-C084-40DA-A5FE-EDB2D26F9212}.Release|Mixed Platforms.Build.0 = Release|x86
		{773A3619-C084-40DA-A5FE-EDB2D26F9212}.Release|Mixed Platforms.Deploy.0 = Release|x86
		{773A3619-C084-40DA-A5FE-EDB2D26F9212}.Release|x64.ActiveCfg = Release|x64
		{773A3619-C084-40DA-A5FE-EDB2D26F9212}.Release|x64.Build.0 = Release|x64
		{773A3619-C084-40DA-A5FE-EDB2D26F9212}.Release|x64.Deploy.0 = Release|x64
		{773A3619-C084-40DA-A5FE-EDB2D26F9212}.Release|x86.ActiveCfg = Release|x86
		{773A3619-C084-40DA-A5FE-EDB2D26F9212}.Release|x86.Build.0 = Release|x86
		{773A3619-C084-40DA-A5FE-EDB2D26F9212}.Release|x86.Deploy.0 = Release|x86
		{773A3619-C084-40DA-A5FE-EDB2D26F9212}.ReleaseFull|Any CPU.ActiveCfg = Release|x64
		{773A3619-C084-40DA-A5FE-EDB2D26F9212}.ReleaseFull|Any CPU.Build.0 = Release|x64
		{773A3619-C084-40DA-A5FE-EDB2D26F9212}.ReleaseFull|Any CPU.Deploy.0 = Release|x64
		{773A3619-C084-40DA-A5FE-EDB2D26F9212}.ReleaseFull|ARM.ActiveCfg = Release|ARM
		{773A3619-C084-40DA-A5FE-EDB2D26F9212}.ReleaseFull|ARM.Build.0 = Release|ARM
		{773A3619-C084-40DA-A5FE-EDB2D26F9212}.ReleaseFull|ARM.Deploy.0 = Release|ARM
		{773A3619-C084-40DA-A5FE-EDB2D26F9212}.ReleaseFull|Mixed Platforms.ActiveCfg = Release|x86
		{773A3619-C084-40DA-A5FE-EDB2D26F9212}.ReleaseFull|Mixed Platforms.Build.0 = Release|x86
		{773A3619-C084-40DA-A5FE-EDB2D26F9212}.ReleaseFull|Mixed Platforms.Deploy.0 = Release|x86
		{773A3619-C084-40DA-A5FE-EDB2D26F9212}.ReleaseFull|x64.ActiveCfg = Release|x64
		{773A3619-C084-40DA-A5FE-EDB2D26F9212}.ReleaseFull|x64.Build.0 = Release|x64
		{773A3619-C084-40DA-A5FE-EDB2D26F9212}.ReleaseFull|x64.Deploy.0 = Release|x64
		{773A3619-C084-40DA-A5FE-EDB2D26F9212}.ReleaseFull|x86.ActiveCfg = Release|x86
		{773A3619-C084-40DA-A5FE-EDB2D26F9212}.ReleaseFull|x86.Build.0 = Release|x86
		{773A3619-C084-40DA-A5FE-EDB2D26F9212}.ReleaseFull|x86.Deploy.0 = Release|x86
		{000A719A-990E-43F4-81C9-D6BF83D091A0}.Debug|Any CPU.ActiveCfg = Debug|Any CPU
		{000A719A-990E-43F4-81C9-D6BF83D091A0}.Debug|Any CPU.Build.0 = Debug|Any CPU
		{000A719A-990E-43F4-81C9-D6BF83D091A0}.Debug|ARM.ActiveCfg = Debug|ARM
		{000A719A-990E-43F4-81C9-D6BF83D091A0}.Debug|ARM.Build.0 = Debug|ARM
		{000A719A-990E-43F4-81C9-D6BF83D091A0}.Debug|Mixed Platforms.ActiveCfg = Debug|x86
		{000A719A-990E-43F4-81C9-D6BF83D091A0}.Debug|Mixed Platforms.Build.0 = Debug|x86
		{000A719A-990E-43F4-81C9-D6BF83D091A0}.Debug|x64.ActiveCfg = Debug|x64
		{000A719A-990E-43F4-81C9-D6BF83D091A0}.Debug|x64.Build.0 = Debug|x64
		{000A719A-990E-43F4-81C9-D6BF83D091A0}.Debug|x86.ActiveCfg = Debug|x86
		{000A719A-990E-43F4-81C9-D6BF83D091A0}.Debug|x86.Build.0 = Debug|x86
		{000A719A-990E-43F4-81C9-D6BF83D091A0}.DebugFull|Any CPU.ActiveCfg = Debug|Any CPU
		{000A719A-990E-43F4-81C9-D6BF83D091A0}.DebugFull|Any CPU.Build.0 = Debug|Any CPU
		{000A719A-990E-43F4-81C9-D6BF83D091A0}.DebugFull|ARM.ActiveCfg = Debug|ARM
		{000A719A-990E-43F4-81C9-D6BF83D091A0}.DebugFull|ARM.Build.0 = Debug|ARM
		{000A719A-990E-43F4-81C9-D6BF83D091A0}.DebugFull|Mixed Platforms.ActiveCfg = Debug|x86
		{000A719A-990E-43F4-81C9-D6BF83D091A0}.DebugFull|Mixed Platforms.Build.0 = Debug|x86
		{000A719A-990E-43F4-81C9-D6BF83D091A0}.DebugFull|x64.ActiveCfg = Debug|x64
		{000A719A-990E-43F4-81C9-D6BF83D091A0}.DebugFull|x64.Build.0 = Debug|x64
		{000A719A-990E-43F4-81C9-D6BF83D091A0}.DebugFull|x86.ActiveCfg = Debug|x86
		{000A719A-990E-43F4-81C9-D6BF83D091A0}.DebugFull|x86.Build.0 = Debug|x86
		{000A719A-990E-43F4-81C9-D6BF83D091A0}.Release|Any CPU.ActiveCfg = Release|Any CPU
		{000A719A-990E-43F4-81C9-D6BF83D091A0}.Release|Any CPU.Build.0 = Release|Any CPU
		{000A719A-990E-43F4-81C9-D6BF83D091A0}.Release|ARM.ActiveCfg = Release|ARM
		{000A719A-990E-43F4-81C9-D6BF83D091A0}.Release|ARM.Build.0 = Release|ARM
		{000A719A-990E-43F4-81C9-D6BF83D091A0}.Release|Mixed Platforms.ActiveCfg = Release|x86
		{000A719A-990E-43F4-81C9-D6BF83D091A0}.Release|Mixed Platforms.Build.0 = Release|x86
		{000A719A-990E-43F4-81C9-D6BF83D091A0}.Release|x64.ActiveCfg = Release|x64
		{000A719A-990E-43F4-81C9-D6BF83D091A0}.Release|x64.Build.0 = Release|x64
		{000A719A-990E-43F4-81C9-D6BF83D091A0}.Release|x86.ActiveCfg = Release|x86
		{000A719A-990E-43F4-81C9-D6BF83D091A0}.Release|x86.Build.0 = Release|x86
		{000A719A-990E-43F4-81C9-D6BF83D091A0}.ReleaseFull|Any CPU.ActiveCfg = Release|Any CPU
		{000A719A-990E-43F4-81C9-D6BF83D091A0}.ReleaseFull|Any CPU.Build.0 = Release|Any CPU
		{000A719A-990E-43F4-81C9-D6BF83D091A0}.ReleaseFull|ARM.ActiveCfg = Release|ARM
		{000A719A-990E-43F4-81C9-D6BF83D091A0}.ReleaseFull|ARM.Build.0 = Release|ARM
		{000A719A-990E-43F4-81C9-D6BF83D091A0}.ReleaseFull|Mixed Platforms.ActiveCfg = Release|x86
		{000A719A-990E-43F4-81C9-D6BF83D091A0}.ReleaseFull|Mixed Platforms.Build.0 = Release|x86
		{000A719A-990E-43F4-81C9-D6BF83D091A0}.ReleaseFull|x64.ActiveCfg = Release|x64
		{000A719A-990E-43F4-81C9-D6BF83D091A0}.ReleaseFull|x64.Build.0 = Release|x64
		{000A719A-990E-43F4-81C9-D6BF83D091A0}.ReleaseFull|x86.ActiveCfg = Release|x86
		{000A719A-990E-43F4-81C9-D6BF83D091A0}.ReleaseFull|x86.Build.0 = Release|x86
	EndGlobalSection
	GlobalSection(SolutionProperties) = preSolution
		HideSolutionNode = FALSE
	EndGlobalSection
	GlobalSection(NestedProjects) = preSolution
		{463FB7C8-7399-4D98-BA23-CFDEF2BB66AE} = {5E94328A-054A-4920-A2E8-39FB09AC4B97}
		{C1FD3070-7FC8-4E20-BA49-13E576B6F852} = {5E94328A-054A-4920-A2E8-39FB09AC4B97}
		{28AF1E71-69EB-4D02-9F07-6EEAD1F117AF} = {384242D4-025D-4137-B820-EBF966949FD7}
		{E772FD74-56DC-4398-B85D-F33D34C2F11B} = {384242D4-025D-4137-B820-EBF966949FD7}
		{0C76FE69-8E32-4222-9FE4-C975A48EDBD9} = {384242D4-025D-4137-B820-EBF966949FD7}
		{72DB73BE-2845-4991-94C9-7342241FEC3E} = {3A50099B-EB6C-46E3-B819-BB3634EBA7F9}
		{8A78FE74-730A-4D36-8C44-32DF960AD957} = {384242D4-025D-4137-B820-EBF966949FD7}
		{773A3619-C084-40DA-A5FE-EDB2D26F9212} = {5E94328A-054A-4920-A2E8-39FB09AC4B97}
		{EE806675-BC95-4321-8EA0-50FFCD9CA647} = {384242D4-025D-4137-B820-EBF966949FD7}
		{000A719A-990E-43F4-81C9-D6BF83D091A0} = {384242D4-025D-4137-B820-EBF966949FD7}
	EndGlobalSection
EndGlobal
