
Microsoft Visual Studio Solution File, Format Version 12.00
# Visual Studio 15
VisualStudioVersion = 15.0.26403.7
MinimumVisualStudioVersion = 10.0.40219.1
Project("{2150E333-8FDC-42A3-9474-1A3956D46DE8}") = "Core", "Core", "{F5ADBBDA-EBDB-494D-AFAB-6EFBB1065CCB}"
EndProject
Project("{D954291E-2A0B-460D-934E-DC6B0785DB48}") = "VKSaver.Core.LinksExtractor.Shared", "Core\VKSaver.Core.LinksExtractor.Shared\VKSaver.Core.LinksExtractor.Shared.shproj", "{79A9DC02-D964-4DEE-A7F8-857C2DC08E03}"
EndProject
Project("{FAE04EC0-301F-11D3-BF4B-00C04F79EFBC}") = "VKSaver.Core.LinksExtractor.UWP", "Core\VKSaver.Core.LinksExtractor.UWP\VKSaver.Core.LinksExtractor.UWP.csproj", "{DF4DA91E-2448-4E8A-A62C-28A9F3AA779D}"
EndProject
Project("{D954291E-2A0B-460D-934E-DC6B0785DB48}") = "VKSaver.Core.Models.Shared", "Core\VKSaver.Core.Models.Shared\VKSaver.Core.Models.Shared.shproj", "{469617F5-AEBB-4030-9011-B7B7658C32EE}"
EndProject
Project("{FAE04EC0-301F-11D3-BF4B-00C04F79EFBC}") = "VKSaver.Core.Models.UWP", "Core\VKSaver.Core.Models.UWP\VKSaver.Core.Models.UWP.csproj", "{65FE87D2-65B8-4643-A538-4E33A2D815DE}"
EndProject
Project("{D954291E-2A0B-460D-934E-DC6B0785DB48}") = "VKSaver.Core.Services.Shared", "Core\VKSaver.Core.Services.Shared\VKSaver.Core.Services.Shared.shproj", "{6BC8895B-5D84-4BD5-B053-413B8DEB763E}"
EndProject
Project("{FAE04EC0-301F-11D3-BF4B-00C04F79EFBC}") = "VKSaver.Core.Services.UWP", "Core\VKSaver.Core.Services.UWP\VKSaver.Core.Services.UWP.csproj", "{536FCC50-09B3-4A4B-B4F9-3F3EC845D09F}"
EndProject
Project("{D954291E-2A0B-460D-934E-DC6B0785DB48}") = "VKSaver.Core.ViewModels.Shared", "Core\VKSaver.Core.ViewModels.Shared\VKSaver.Core.ViewModels.Shared.shproj", "{EE806675-BC95-4321-8EA0-50FFCD9CA647}"
EndProject
Project("{FAE04EC0-301F-11D3-BF4B-00C04F79EFBC}") = "VKSaver.Core.ViewModels.UWP", "Core\VKSaver.Core.ViewModels.UWP\VKSaver.Core.ViewModels.UWP.csproj", "{000A719A-990E-43F4-81C9-D6BF83D091A0}"
EndProject
Project("{2150E333-8FDC-42A3-9474-1A3956D46DE8}") = "Tasks", "Tasks", "{E2444EB0-BA6F-4A2F-B91B-2286BDDC6639}"
EndProject
Project("{D954291E-2A0B-460D-934E-DC6B0785DB48}") = "VKSaver.PlayerTask.Shared", "Tasks\VKSaver.PlayerTask.Shared\VKSaver.PlayerTask.Shared.shproj", "{E03CD799-DA6D-4BE7-BEFE-5B20546A9DE1}"
EndProject
Project("{FAE04EC0-301F-11D3-BF4B-00C04F79EFBC}") = "VKSaver.PlayerTask.UWP", "Tasks\VKSaver.PlayerTask.UWP\VKSaver.PlayerTask.UWP.csproj", "{49B1DE23-1521-4447-A51E-E9337D0F0EB1}"
EndProject
Project("{FAE04EC0-301F-11D3-BF4B-00C04F79EFBC}") = "VKSaver.UWP", "VKSaver\VKSaver.UWP\VKSaver.UWP.csproj", "{773A3619-C084-40DA-A5FE-EDB2D26F9212}"
EndProject
Project("{2150E333-8FDC-42A3-9474-1A3956D46DE8}") = "thirdparty", "thirdparty", "{C10D0971-0F76-4E7C-A46F-8CD12F162AE3}"
EndProject
Project("{FAE04EC0-301F-11D3-BF4B-00C04F79EFBC}") = "IF.Lastfm.Core", "..\thirdparty\lastfm\src\IF.Lastfm.Core\IF.Lastfm.Core.csproj", "{3CF4B78F-8B48-49CB-942F-83DB13474A4F}"
EndProject
Project("{FAE04EC0-301F-11D3-BF4B-00C04F79EFBC}") = "IF.Lastfm.SQLite", "..\thirdparty\lastfm\src\IF.Lastfm.SQLite\IF.Lastfm.SQLite.csproj", "{09D7D389-7D67-45B7-90EC-B1D20693DBC5}"
EndProject
Project("{FAE04EC0-301F-11D3-BF4B-00C04F79EFBC}") = "ModernDev.InTouch.Portable", "..\thirdparty\InTouch\ModernDev.InTouch.Portable\ModernDev.InTouch.Portable.csproj", "{7887EBDB-A6B2-400E-9017-C47B606AA8D9}"
EndProject
Project("{D954291E-2A0B-460D-934E-DC6B0785DB48}") = "ModernDev.InTouch.Shared", "..\thirdparty\InTouch\ModernDev.InTouch.Shared\ModernDev.InTouch.Shared.shproj", "{FC97EA26-E93D-4853-AE7F-695D80CD68B8}"
EndProject
Project("{FAE04EC0-301F-11D3-BF4B-00C04F79EFBC}") = "ModernDev.InTouch.Tests", "..\thirdparty\InTouch\ModernDev.InTouch.Tests\ModernDev.InTouch.Tests.csproj", "{09BFF450-70F2-4F76-AD3B-971883368FDA}"
EndProject
Project("{D954291E-2A0B-460D-934E-DC6B0785DB48}") = "VKSaver.PlatformShared", "VKSaver\VKSaver.PlatformShared\VKSaver.PlatformShared.shproj", "{8660FC13-44D7-4838-AE8B-B866E87E4AD2}"
EndProject
Project("{FAE04EC0-301F-11D3-BF4B-00C04F79EFBC}") = "Mika.Toolkit.Uwp.UI.Animations", "..\thirdparty\AcrylicToolkitBlur\Mika.Toolkit.Uwp.UI.Animations.csproj", "{B24A296C-B3EB-4E06-A64E-74AC2D1ACC91}"
EndProject
Global
	GlobalSection(SharedMSBuildProjectFiles) = preSolution
		Core\VKSaver.Core.ViewModels.Shared\VKSaver.Core.ViewModels.Shared.projitems*{000a719a-990e-43f4-81c9-d6bf83d091a0}*SharedItemsImports = 4
		Core\VKSaver.Core.Models.Shared\VKSaver.Core.Models.Shared.projitems*{469617f5-aebb-4030-9011-b7b7658c32ee}*SharedItemsImports = 13
		Tasks\VKSaver.PlayerTask.Shared\VKSaver.PlayerTask.Shared.projitems*{49b1de23-1521-4447-a51e-e9337d0f0eb1}*SharedItemsImports = 4
		Core\VKSaver.Core.Services.Shared\VKSaver.Core.Services.Shared.projitems*{536fcc50-09b3-4a4b-b4f9-3f3ec845d09f}*SharedItemsImports = 4
		Core\VKSaver.Core.Models.Shared\VKSaver.Core.Models.Shared.projitems*{65fe87d2-65b8-4643-a538-4e33a2d815de}*SharedItemsImports = 4
		Core\VKSaver.Core.Services.Shared\VKSaver.Core.Services.Shared.projitems*{6bc8895b-5d84-4bd5-b053-413b8deb763e}*SharedItemsImports = 13
		VKSaver\VKSaver.PlatformShared\VKSaver.PlatformShared.projitems*{773a3619-c084-40da-a5fe-edb2d26f9212}*SharedItemsImports = 4
		..\thirdparty\InTouch\ModernDev.InTouch.Shared\ModernDev.InTouch.Shared.projitems*{7887ebdb-a6b2-400e-9017-c47b606aa8d9}*SharedItemsImports = 4
		Core\VKSaver.Core.LinksExtractor.Shared\VKSaver.Core.LinksExtractor.Shared.projitems*{79a9dc02-d964-4dee-a7f8-857c2dc08e03}*SharedItemsImports = 13
		VKSaver\VKSaver.PlatformShared\VKSaver.PlatformShared.projitems*{8660fc13-44d7-4838-ae8b-b866e87e4ad2}*SharedItemsImports = 13
		Core\VKSaver.Core.LinksExtractor.Shared\VKSaver.Core.LinksExtractor.Shared.projitems*{df4da91e-2448-4e8a-a62c-28a9f3aa779d}*SharedItemsImports = 4
		Tasks\VKSaver.PlayerTask.Shared\VKSaver.PlayerTask.Shared.projitems*{e03cd799-da6d-4be7-befe-5b20546a9de1}*SharedItemsImports = 13
		Core\VKSaver.Core.ViewModels.Shared\VKSaver.Core.ViewModels.Shared.projitems*{ee806675-bc95-4321-8ea0-50ffcd9ca647}*SharedItemsImports = 13
		..\thirdparty\InTouch\ModernDev.InTouch.Shared\ModernDev.InTouch.Shared.projitems*{fc97ea26-e93d-4853-ae7f-695d80cd68b8}*SharedItemsImports = 13
	EndGlobalSection
	GlobalSection(SolutionConfigurationPlatforms) = preSolution
		Debug (Anniversary Update)|Any CPU = Debug (Anniversary Update)|Any CPU
		Debug (Anniversary Update)|ARM = Debug (Anniversary Update)|ARM
		Debug (Anniversary Update)|x64 = Debug (Anniversary Update)|x64
		Debug (Anniversary Update)|x86 = Debug (Anniversary Update)|x86
		Debug (Version 1511)|Any CPU = Debug (Version 1511)|Any CPU
		Debug (Version 1511)|ARM = Debug (Version 1511)|ARM
		Debug (Version 1511)|x64 = Debug (Version 1511)|x64
		Debug (Version 1511)|x86 = Debug (Version 1511)|x86
		Debug|Any CPU = Debug|Any CPU
		Debug|ARM = Debug|ARM
		Debug|x64 = Debug|x64
		Debug|x86 = Debug|x86
		DebugFull|Any CPU = DebugFull|Any CPU
		DebugFull|ARM = DebugFull|ARM
		DebugFull|x64 = DebugFull|x64
		DebugFull|x86 = DebugFull|x86
		Publish|Any CPU = Publish|Any CPU
		Publish|ARM = Publish|ARM
		Publish|x64 = Publish|x64
		Publish|x86 = Publish|x86
		Release (Anniversary Update)|Any CPU = Release (Anniversary Update)|Any CPU
		Release (Anniversary Update)|ARM = Release (Anniversary Update)|ARM
		Release (Anniversary Update)|x64 = Release (Anniversary Update)|x64
		Release (Anniversary Update)|x86 = Release (Anniversary Update)|x86
		Release (Version 1511)|Any CPU = Release (Version 1511)|Any CPU
		Release (Version 1511)|ARM = Release (Version 1511)|ARM
		Release (Version 1511)|x64 = Release (Version 1511)|x64
		Release (Version 1511)|x86 = Release (Version 1511)|x86
		Release|Any CPU = Release|Any CPU
		Release|ARM = Release|ARM
		Release|x64 = Release|x64
		Release|x86 = Release|x86
		ReleaseFull|Any CPU = ReleaseFull|Any CPU
		ReleaseFull|ARM = ReleaseFull|ARM
		ReleaseFull|x64 = ReleaseFull|x64
		ReleaseFull|x86 = ReleaseFull|x86
	EndGlobalSection
	GlobalSection(ProjectConfigurationPlatforms) = postSolution
		{DF4DA91E-2448-4E8A-A62C-28A9F3AA779D}.Debug (Anniversary Update)|Any CPU.ActiveCfg = DebugFull|Any CPU
		{DF4DA91E-2448-4E8A-A62C-28A9F3AA779D}.Debug (Anniversary Update)|Any CPU.Build.0 = DebugFull|Any CPU
		{DF4DA91E-2448-4E8A-A62C-28A9F3AA779D}.Debug (Anniversary Update)|ARM.ActiveCfg = DebugFull|ARM
		{DF4DA91E-2448-4E8A-A62C-28A9F3AA779D}.Debug (Anniversary Update)|ARM.Build.0 = DebugFull|ARM
		{DF4DA91E-2448-4E8A-A62C-28A9F3AA779D}.Debug (Anniversary Update)|x64.ActiveCfg = DebugFull|x64
		{DF4DA91E-2448-4E8A-A62C-28A9F3AA779D}.Debug (Anniversary Update)|x64.Build.0 = DebugFull|x64
		{DF4DA91E-2448-4E8A-A62C-28A9F3AA779D}.Debug (Anniversary Update)|x86.ActiveCfg = DebugFull|x86
		{DF4DA91E-2448-4E8A-A62C-28A9F3AA779D}.Debug (Anniversary Update)|x86.Build.0 = DebugFull|x86
		{DF4DA91E-2448-4E8A-A62C-28A9F3AA779D}.Debug (Version 1511)|Any CPU.ActiveCfg = DebugFull|Any CPU
		{DF4DA91E-2448-4E8A-A62C-28A9F3AA779D}.Debug (Version 1511)|Any CPU.Build.0 = DebugFull|Any CPU
		{DF4DA91E-2448-4E8A-A62C-28A9F3AA779D}.Debug (Version 1511)|ARM.ActiveCfg = DebugFull|ARM
		{DF4DA91E-2448-4E8A-A62C-28A9F3AA779D}.Debug (Version 1511)|ARM.Build.0 = DebugFull|ARM
		{DF4DA91E-2448-4E8A-A62C-28A9F3AA779D}.Debug (Version 1511)|x64.ActiveCfg = DebugFull|x64
		{DF4DA91E-2448-4E8A-A62C-28A9F3AA779D}.Debug (Version 1511)|x64.Build.0 = DebugFull|x64
		{DF4DA91E-2448-4E8A-A62C-28A9F3AA779D}.Debug (Version 1511)|x86.ActiveCfg = DebugFull|x86
		{DF4DA91E-2448-4E8A-A62C-28A9F3AA779D}.Debug (Version 1511)|x86.Build.0 = DebugFull|x86
		{DF4DA91E-2448-4E8A-A62C-28A9F3AA779D}.Debug|Any CPU.ActiveCfg = Debug|Any CPU
		{DF4DA91E-2448-4E8A-A62C-28A9F3AA779D}.Debug|Any CPU.Build.0 = Debug|Any CPU
		{DF4DA91E-2448-4E8A-A62C-28A9F3AA779D}.Debug|ARM.ActiveCfg = Debug|ARM
		{DF4DA91E-2448-4E8A-A62C-28A9F3AA779D}.Debug|ARM.Build.0 = Debug|ARM
		{DF4DA91E-2448-4E8A-A62C-28A9F3AA779D}.Debug|x64.ActiveCfg = Debug|x64
		{DF4DA91E-2448-4E8A-A62C-28A9F3AA779D}.Debug|x64.Build.0 = Debug|x64
		{DF4DA91E-2448-4E8A-A62C-28A9F3AA779D}.Debug|x86.ActiveCfg = Debug|Any CPU
		{DF4DA91E-2448-4E8A-A62C-28A9F3AA779D}.Debug|x86.Build.0 = Debug|Any CPU
		{DF4DA91E-2448-4E8A-A62C-28A9F3AA779D}.DebugFull|Any CPU.ActiveCfg = DebugFull|Any CPU
		{DF4DA91E-2448-4E8A-A62C-28A9F3AA779D}.DebugFull|Any CPU.Build.0 = DebugFull|Any CPU
		{DF4DA91E-2448-4E8A-A62C-28A9F3AA779D}.DebugFull|ARM.ActiveCfg = DebugFull|ARM
		{DF4DA91E-2448-4E8A-A62C-28A9F3AA779D}.DebugFull|ARM.Build.0 = DebugFull|ARM
		{DF4DA91E-2448-4E8A-A62C-28A9F3AA779D}.DebugFull|x64.ActiveCfg = DebugFull|Any CPU
		{DF4DA91E-2448-4E8A-A62C-28A9F3AA779D}.DebugFull|x64.Build.0 = DebugFull|Any CPU
		{DF4DA91E-2448-4E8A-A62C-28A9F3AA779D}.DebugFull|x86.ActiveCfg = DebugFull|Any CPU
		{DF4DA91E-2448-4E8A-A62C-28A9F3AA779D}.DebugFull|x86.Build.0 = DebugFull|Any CPU
		{DF4DA91E-2448-4E8A-A62C-28A9F3AA779D}.Publish|Any CPU.ActiveCfg = ReleaseFull|Any CPU
		{DF4DA91E-2448-4E8A-A62C-28A9F3AA779D}.Publish|Any CPU.Build.0 = ReleaseFull|Any CPU
		{DF4DA91E-2448-4E8A-A62C-28A9F3AA779D}.Publish|ARM.ActiveCfg = ReleaseFull|ARM
		{DF4DA91E-2448-4E8A-A62C-28A9F3AA779D}.Publish|ARM.Build.0 = ReleaseFull|ARM
		{DF4DA91E-2448-4E8A-A62C-28A9F3AA779D}.Publish|x64.ActiveCfg = DebugFull|x64
		{DF4DA91E-2448-4E8A-A62C-28A9F3AA779D}.Publish|x64.Build.0 = DebugFull|x64
		{DF4DA91E-2448-4E8A-A62C-28A9F3AA779D}.Publish|x86.ActiveCfg = ReleaseFull|x86
		{DF4DA91E-2448-4E8A-A62C-28A9F3AA779D}.Publish|x86.Build.0 = ReleaseFull|x86
		{DF4DA91E-2448-4E8A-A62C-28A9F3AA779D}.Release (Anniversary Update)|Any CPU.ActiveCfg = ReleaseFull|Any CPU
		{DF4DA91E-2448-4E8A-A62C-28A9F3AA779D}.Release (Anniversary Update)|Any CPU.Build.0 = ReleaseFull|Any CPU
		{DF4DA91E-2448-4E8A-A62C-28A9F3AA779D}.Release (Anniversary Update)|ARM.ActiveCfg = ReleaseFull|ARM
		{DF4DA91E-2448-4E8A-A62C-28A9F3AA779D}.Release (Anniversary Update)|ARM.Build.0 = ReleaseFull|ARM
		{DF4DA91E-2448-4E8A-A62C-28A9F3AA779D}.Release (Anniversary Update)|x64.ActiveCfg = ReleaseFull|x64
		{DF4DA91E-2448-4E8A-A62C-28A9F3AA779D}.Release (Anniversary Update)|x64.Build.0 = ReleaseFull|x64
		{DF4DA91E-2448-4E8A-A62C-28A9F3AA779D}.Release (Anniversary Update)|x86.ActiveCfg = ReleaseFull|x86
		{DF4DA91E-2448-4E8A-A62C-28A9F3AA779D}.Release (Anniversary Update)|x86.Build.0 = ReleaseFull|x86
		{DF4DA91E-2448-4E8A-A62C-28A9F3AA779D}.Release (Version 1511)|Any CPU.ActiveCfg = ReleaseFull|Any CPU
		{DF4DA91E-2448-4E8A-A62C-28A9F3AA779D}.Release (Version 1511)|Any CPU.Build.0 = ReleaseFull|Any CPU
		{DF4DA91E-2448-4E8A-A62C-28A9F3AA779D}.Release (Version 1511)|ARM.ActiveCfg = ReleaseFull|ARM
		{DF4DA91E-2448-4E8A-A62C-28A9F3AA779D}.Release (Version 1511)|ARM.Build.0 = ReleaseFull|ARM
		{DF4DA91E-2448-4E8A-A62C-28A9F3AA779D}.Release (Version 1511)|x64.ActiveCfg = ReleaseFull|x64
		{DF4DA91E-2448-4E8A-A62C-28A9F3AA779D}.Release (Version 1511)|x64.Build.0 = ReleaseFull|x64
		{DF4DA91E-2448-4E8A-A62C-28A9F3AA779D}.Release (Version 1511)|x86.ActiveCfg = ReleaseFull|x86
		{DF4DA91E-2448-4E8A-A62C-28A9F3AA779D}.Release (Version 1511)|x86.Build.0 = ReleaseFull|x86
		{DF4DA91E-2448-4E8A-A62C-28A9F3AA779D}.Release|Any CPU.ActiveCfg = Release|Any CPU
		{DF4DA91E-2448-4E8A-A62C-28A9F3AA779D}.Release|Any CPU.Build.0 = Release|Any CPU
		{DF4DA91E-2448-4E8A-A62C-28A9F3AA779D}.Release|ARM.ActiveCfg = Release|ARM
		{DF4DA91E-2448-4E8A-A62C-28A9F3AA779D}.Release|ARM.Build.0 = Release|ARM
		{DF4DA91E-2448-4E8A-A62C-28A9F3AA779D}.Release|x64.ActiveCfg = Release|x64
		{DF4DA91E-2448-4E8A-A62C-28A9F3AA779D}.Release|x64.Build.0 = Release|x64
		{DF4DA91E-2448-4E8A-A62C-28A9F3AA779D}.Release|x86.ActiveCfg = Release|Any CPU
		{DF4DA91E-2448-4E8A-A62C-28A9F3AA779D}.Release|x86.Build.0 = Release|Any CPU
		{DF4DA91E-2448-4E8A-A62C-28A9F3AA779D}.ReleaseFull|Any CPU.ActiveCfg = ReleaseFull|Any CPU
		{DF4DA91E-2448-4E8A-A62C-28A9F3AA779D}.ReleaseFull|Any CPU.Build.0 = ReleaseFull|Any CPU
		{DF4DA91E-2448-4E8A-A62C-28A9F3AA779D}.ReleaseFull|ARM.ActiveCfg = ReleaseFull|ARM
		{DF4DA91E-2448-4E8A-A62C-28A9F3AA779D}.ReleaseFull|ARM.Build.0 = ReleaseFull|ARM
		{DF4DA91E-2448-4E8A-A62C-28A9F3AA779D}.ReleaseFull|x64.ActiveCfg = ReleaseFull|x64
		{DF4DA91E-2448-4E8A-A62C-28A9F3AA779D}.ReleaseFull|x64.Build.0 = ReleaseFull|x64
		{DF4DA91E-2448-4E8A-A62C-28A9F3AA779D}.ReleaseFull|x86.ActiveCfg = ReleaseFull|Any CPU
		{DF4DA91E-2448-4E8A-A62C-28A9F3AA779D}.ReleaseFull|x86.Build.0 = ReleaseFull|Any CPU
		{65FE87D2-65B8-4643-A538-4E33A2D815DE}.Debug (Anniversary Update)|Any CPU.ActiveCfg = DebugFull|Any CPU
		{65FE87D2-65B8-4643-A538-4E33A2D815DE}.Debug (Anniversary Update)|Any CPU.Build.0 = DebugFull|Any CPU
		{65FE87D2-65B8-4643-A538-4E33A2D815DE}.Debug (Anniversary Update)|ARM.ActiveCfg = DebugFull|ARM
		{65FE87D2-65B8-4643-A538-4E33A2D815DE}.Debug (Anniversary Update)|ARM.Build.0 = DebugFull|ARM
		{65FE87D2-65B8-4643-A538-4E33A2D815DE}.Debug (Anniversary Update)|x64.ActiveCfg = DebugFull|x64
		{65FE87D2-65B8-4643-A538-4E33A2D815DE}.Debug (Anniversary Update)|x64.Build.0 = DebugFull|x64
		{65FE87D2-65B8-4643-A538-4E33A2D815DE}.Debug (Anniversary Update)|x86.ActiveCfg = DebugFull|x86
		{65FE87D2-65B8-4643-A538-4E33A2D815DE}.Debug (Anniversary Update)|x86.Build.0 = DebugFull|x86
		{65FE87D2-65B8-4643-A538-4E33A2D815DE}.Debug (Version 1511)|Any CPU.ActiveCfg = DebugFull|Any CPU
		{65FE87D2-65B8-4643-A538-4E33A2D815DE}.Debug (Version 1511)|Any CPU.Build.0 = DebugFull|Any CPU
		{65FE87D2-65B8-4643-A538-4E33A2D815DE}.Debug (Version 1511)|ARM.ActiveCfg = DebugFull|ARM
		{65FE87D2-65B8-4643-A538-4E33A2D815DE}.Debug (Version 1511)|ARM.Build.0 = DebugFull|ARM
		{65FE87D2-65B8-4643-A538-4E33A2D815DE}.Debug (Version 1511)|x64.ActiveCfg = DebugFull|x64
		{65FE87D2-65B8-4643-A538-4E33A2D815DE}.Debug (Version 1511)|x64.Build.0 = DebugFull|x64
		{65FE87D2-65B8-4643-A538-4E33A2D815DE}.Debug (Version 1511)|x86.ActiveCfg = DebugFull|x86
		{65FE87D2-65B8-4643-A538-4E33A2D815DE}.Debug (Version 1511)|x86.Build.0 = DebugFull|x86
		{65FE87D2-65B8-4643-A538-4E33A2D815DE}.Debug|Any CPU.ActiveCfg = Debug|Any CPU
		{65FE87D2-65B8-4643-A538-4E33A2D815DE}.Debug|Any CPU.Build.0 = Debug|Any CPU
		{65FE87D2-65B8-4643-A538-4E33A2D815DE}.Debug|ARM.ActiveCfg = Debug|ARM
		{65FE87D2-65B8-4643-A538-4E33A2D815DE}.Debug|ARM.Build.0 = Debug|ARM
		{65FE87D2-65B8-4643-A538-4E33A2D815DE}.Debug|x64.ActiveCfg = Debug|x64
		{65FE87D2-65B8-4643-A538-4E33A2D815DE}.Debug|x64.Build.0 = Debug|x64
		{65FE87D2-65B8-4643-A538-4E33A2D815DE}.Debug|x86.ActiveCfg = Debug|Any CPU
		{65FE87D2-65B8-4643-A538-4E33A2D815DE}.Debug|x86.Build.0 = Debug|Any CPU
		{65FE87D2-65B8-4643-A538-4E33A2D815DE}.DebugFull|Any CPU.ActiveCfg = DebugFull|Any CPU
		{65FE87D2-65B8-4643-A538-4E33A2D815DE}.DebugFull|Any CPU.Build.0 = DebugFull|Any CPU
		{65FE87D2-65B8-4643-A538-4E33A2D815DE}.DebugFull|ARM.ActiveCfg = DebugFull|ARM
		{65FE87D2-65B8-4643-A538-4E33A2D815DE}.DebugFull|ARM.Build.0 = DebugFull|ARM
		{65FE87D2-65B8-4643-A538-4E33A2D815DE}.DebugFull|x64.ActiveCfg = DebugFull|Any CPU
		{65FE87D2-65B8-4643-A538-4E33A2D815DE}.DebugFull|x64.Build.0 = DebugFull|Any CPU
		{65FE87D2-65B8-4643-A538-4E33A2D815DE}.DebugFull|x86.ActiveCfg = DebugFull|Any CPU
		{65FE87D2-65B8-4643-A538-4E33A2D815DE}.DebugFull|x86.Build.0 = DebugFull|Any CPU
		{65FE87D2-65B8-4643-A538-4E33A2D815DE}.Publish|Any CPU.ActiveCfg = ReleaseFull|Any CPU
		{65FE87D2-65B8-4643-A538-4E33A2D815DE}.Publish|Any CPU.Build.0 = ReleaseFull|Any CPU
		{65FE87D2-65B8-4643-A538-4E33A2D815DE}.Publish|ARM.ActiveCfg = ReleaseFull|ARM
		{65FE87D2-65B8-4643-A538-4E33A2D815DE}.Publish|ARM.Build.0 = ReleaseFull|ARM
		{65FE87D2-65B8-4643-A538-4E33A2D815DE}.Publish|x64.ActiveCfg = DebugFull|x64
		{65FE87D2-65B8-4643-A538-4E33A2D815DE}.Publish|x64.Build.0 = DebugFull|x64
		{65FE87D2-65B8-4643-A538-4E33A2D815DE}.Publish|x86.ActiveCfg = ReleaseFull|x86
		{65FE87D2-65B8-4643-A538-4E33A2D815DE}.Publish|x86.Build.0 = ReleaseFull|x86
		{65FE87D2-65B8-4643-A538-4E33A2D815DE}.Release (Anniversary Update)|Any CPU.ActiveCfg = ReleaseFull|Any CPU
		{65FE87D2-65B8-4643-A538-4E33A2D815DE}.Release (Anniversary Update)|Any CPU.Build.0 = ReleaseFull|Any CPU
		{65FE87D2-65B8-4643-A538-4E33A2D815DE}.Release (Anniversary Update)|ARM.ActiveCfg = ReleaseFull|ARM
		{65FE87D2-65B8-4643-A538-4E33A2D815DE}.Release (Anniversary Update)|ARM.Build.0 = ReleaseFull|ARM
		{65FE87D2-65B8-4643-A538-4E33A2D815DE}.Release (Anniversary Update)|x64.ActiveCfg = ReleaseFull|x64
		{65FE87D2-65B8-4643-A538-4E33A2D815DE}.Release (Anniversary Update)|x64.Build.0 = ReleaseFull|x64
		{65FE87D2-65B8-4643-A538-4E33A2D815DE}.Release (Anniversary Update)|x86.ActiveCfg = ReleaseFull|x86
		{65FE87D2-65B8-4643-A538-4E33A2D815DE}.Release (Anniversary Update)|x86.Build.0 = ReleaseFull|x86
		{65FE87D2-65B8-4643-A538-4E33A2D815DE}.Release (Version 1511)|Any CPU.ActiveCfg = ReleaseFull|Any CPU
		{65FE87D2-65B8-4643-A538-4E33A2D815DE}.Release (Version 1511)|Any CPU.Build.0 = ReleaseFull|Any CPU
		{65FE87D2-65B8-4643-A538-4E33A2D815DE}.Release (Version 1511)|ARM.ActiveCfg = ReleaseFull|ARM
		{65FE87D2-65B8-4643-A538-4E33A2D815DE}.Release (Version 1511)|ARM.Build.0 = ReleaseFull|ARM
		{65FE87D2-65B8-4643-A538-4E33A2D815DE}.Release (Version 1511)|x64.ActiveCfg = ReleaseFull|x64
		{65FE87D2-65B8-4643-A538-4E33A2D815DE}.Release (Version 1511)|x64.Build.0 = ReleaseFull|x64
		{65FE87D2-65B8-4643-A538-4E33A2D815DE}.Release (Version 1511)|x86.ActiveCfg = ReleaseFull|x86
		{65FE87D2-65B8-4643-A538-4E33A2D815DE}.Release (Version 1511)|x86.Build.0 = ReleaseFull|x86
		{65FE87D2-65B8-4643-A538-4E33A2D815DE}.Release|Any CPU.ActiveCfg = Release|Any CPU
		{65FE87D2-65B8-4643-A538-4E33A2D815DE}.Release|Any CPU.Build.0 = Release|Any CPU
		{65FE87D2-65B8-4643-A538-4E33A2D815DE}.Release|ARM.ActiveCfg = Release|ARM
		{65FE87D2-65B8-4643-A538-4E33A2D815DE}.Release|ARM.Build.0 = Release|ARM
		{65FE87D2-65B8-4643-A538-4E33A2D815DE}.Release|x64.ActiveCfg = Release|x64
		{65FE87D2-65B8-4643-A538-4E33A2D815DE}.Release|x64.Build.0 = Release|x64
		{65FE87D2-65B8-4643-A538-4E33A2D815DE}.Release|x86.ActiveCfg = Release|Any CPU
		{65FE87D2-65B8-4643-A538-4E33A2D815DE}.Release|x86.Build.0 = Release|Any CPU
		{65FE87D2-65B8-4643-A538-4E33A2D815DE}.ReleaseFull|Any CPU.ActiveCfg = ReleaseFull|Any CPU
		{65FE87D2-65B8-4643-A538-4E33A2D815DE}.ReleaseFull|Any CPU.Build.0 = ReleaseFull|Any CPU
		{65FE87D2-65B8-4643-A538-4E33A2D815DE}.ReleaseFull|ARM.ActiveCfg = ReleaseFull|ARM
		{65FE87D2-65B8-4643-A538-4E33A2D815DE}.ReleaseFull|ARM.Build.0 = ReleaseFull|ARM
		{65FE87D2-65B8-4643-A538-4E33A2D815DE}.ReleaseFull|x64.ActiveCfg = ReleaseFull|x64
		{65FE87D2-65B8-4643-A538-4E33A2D815DE}.ReleaseFull|x64.Build.0 = ReleaseFull|x64
		{65FE87D2-65B8-4643-A538-4E33A2D815DE}.ReleaseFull|x86.ActiveCfg = ReleaseFull|Any CPU
		{65FE87D2-65B8-4643-A538-4E33A2D815DE}.ReleaseFull|x86.Build.0 = ReleaseFull|Any CPU
		{536FCC50-09B3-4A4B-B4F9-3F3EC845D09F}.Debug (Anniversary Update)|Any CPU.ActiveCfg = DebugFull|Any CPU
		{536FCC50-09B3-4A4B-B4F9-3F3EC845D09F}.Debug (Anniversary Update)|Any CPU.Build.0 = DebugFull|Any CPU
		{536FCC50-09B3-4A4B-B4F9-3F3EC845D09F}.Debug (Anniversary Update)|ARM.ActiveCfg = DebugFull|ARM
		{536FCC50-09B3-4A4B-B4F9-3F3EC845D09F}.Debug (Anniversary Update)|ARM.Build.0 = DebugFull|ARM
		{536FCC50-09B3-4A4B-B4F9-3F3EC845D09F}.Debug (Anniversary Update)|x64.ActiveCfg = DebugFull|x64
		{536FCC50-09B3-4A4B-B4F9-3F3EC845D09F}.Debug (Anniversary Update)|x64.Build.0 = DebugFull|x64
		{536FCC50-09B3-4A4B-B4F9-3F3EC845D09F}.Debug (Anniversary Update)|x86.ActiveCfg = DebugFull|x86
		{536FCC50-09B3-4A4B-B4F9-3F3EC845D09F}.Debug (Anniversary Update)|x86.Build.0 = DebugFull|x86
		{536FCC50-09B3-4A4B-B4F9-3F3EC845D09F}.Debug (Version 1511)|Any CPU.ActiveCfg = DebugFull|Any CPU
		{536FCC50-09B3-4A4B-B4F9-3F3EC845D09F}.Debug (Version 1511)|Any CPU.Build.0 = DebugFull|Any CPU
		{536FCC50-09B3-4A4B-B4F9-3F3EC845D09F}.Debug (Version 1511)|ARM.ActiveCfg = DebugFull|ARM
		{536FCC50-09B3-4A4B-B4F9-3F3EC845D09F}.Debug (Version 1511)|ARM.Build.0 = DebugFull|ARM
		{536FCC50-09B3-4A4B-B4F9-3F3EC845D09F}.Debug (Version 1511)|x64.ActiveCfg = DebugFull|x64
		{536FCC50-09B3-4A4B-B4F9-3F3EC845D09F}.Debug (Version 1511)|x64.Build.0 = DebugFull|x64
		{536FCC50-09B3-4A4B-B4F9-3F3EC845D09F}.Debug (Version 1511)|x86.ActiveCfg = DebugFull|x86
		{536FCC50-09B3-4A4B-B4F9-3F3EC845D09F}.Debug (Version 1511)|x86.Build.0 = DebugFull|x86
		{536FCC50-09B3-4A4B-B4F9-3F3EC845D09F}.Debug|Any CPU.ActiveCfg = Debug|Any CPU
		{536FCC50-09B3-4A4B-B4F9-3F3EC845D09F}.Debug|Any CPU.Build.0 = Debug|Any CPU
		{536FCC50-09B3-4A4B-B4F9-3F3EC845D09F}.Debug|ARM.ActiveCfg = Debug|ARM
		{536FCC50-09B3-4A4B-B4F9-3F3EC845D09F}.Debug|ARM.Build.0 = Debug|ARM
		{536FCC50-09B3-4A4B-B4F9-3F3EC845D09F}.Debug|x64.ActiveCfg = Debug|x64
		{536FCC50-09B3-4A4B-B4F9-3F3EC845D09F}.Debug|x64.Build.0 = Debug|x64
		{536FCC50-09B3-4A4B-B4F9-3F3EC845D09F}.Debug|x86.ActiveCfg = Debug|Any CPU
		{536FCC50-09B3-4A4B-B4F9-3F3EC845D09F}.Debug|x86.Build.0 = Debug|Any CPU
		{536FCC50-09B3-4A4B-B4F9-3F3EC845D09F}.DebugFull|Any CPU.ActiveCfg = DebugFull|Any CPU
		{536FCC50-09B3-4A4B-B4F9-3F3EC845D09F}.DebugFull|Any CPU.Build.0 = DebugFull|Any CPU
		{536FCC50-09B3-4A4B-B4F9-3F3EC845D09F}.DebugFull|ARM.ActiveCfg = DebugFull|ARM
		{536FCC50-09B3-4A4B-B4F9-3F3EC845D09F}.DebugFull|ARM.Build.0 = DebugFull|ARM
		{536FCC50-09B3-4A4B-B4F9-3F3EC845D09F}.DebugFull|x64.ActiveCfg = DebugFull|Any CPU
		{536FCC50-09B3-4A4B-B4F9-3F3EC845D09F}.DebugFull|x64.Build.0 = DebugFull|Any CPU
		{536FCC50-09B3-4A4B-B4F9-3F3EC845D09F}.DebugFull|x86.ActiveCfg = DebugFull|Any CPU
		{536FCC50-09B3-4A4B-B4F9-3F3EC845D09F}.DebugFull|x86.Build.0 = DebugFull|Any CPU
		{536FCC50-09B3-4A4B-B4F9-3F3EC845D09F}.Publish|Any CPU.ActiveCfg = ReleaseFull|Any CPU
		{536FCC50-09B3-4A4B-B4F9-3F3EC845D09F}.Publish|Any CPU.Build.0 = ReleaseFull|Any CPU
		{536FCC50-09B3-4A4B-B4F9-3F3EC845D09F}.Publish|ARM.ActiveCfg = ReleaseFull|ARM
		{536FCC50-09B3-4A4B-B4F9-3F3EC845D09F}.Publish|ARM.Build.0 = ReleaseFull|ARM
		{536FCC50-09B3-4A4B-B4F9-3F3EC845D09F}.Publish|x64.ActiveCfg = DebugFull|x64
		{536FCC50-09B3-4A4B-B4F9-3F3EC845D09F}.Publish|x64.Build.0 = DebugFull|x64
		{536FCC50-09B3-4A4B-B4F9-3F3EC845D09F}.Publish|x86.ActiveCfg = ReleaseFull|x86
		{536FCC50-09B3-4A4B-B4F9-3F3EC845D09F}.Publish|x86.Build.0 = ReleaseFull|x86
		{536FCC50-09B3-4A4B-B4F9-3F3EC845D09F}.Release (Anniversary Update)|Any CPU.ActiveCfg = ReleaseFull|Any CPU
		{536FCC50-09B3-4A4B-B4F9-3F3EC845D09F}.Release (Anniversary Update)|Any CPU.Build.0 = ReleaseFull|Any CPU
		{536FCC50-09B3-4A4B-B4F9-3F3EC845D09F}.Release (Anniversary Update)|ARM.ActiveCfg = ReleaseFull|ARM
		{536FCC50-09B3-4A4B-B4F9-3F3EC845D09F}.Release (Anniversary Update)|ARM.Build.0 = ReleaseFull|ARM
		{536FCC50-09B3-4A4B-B4F9-3F3EC845D09F}.Release (Anniversary Update)|x64.ActiveCfg = ReleaseFull|x64
		{536FCC50-09B3-4A4B-B4F9-3F3EC845D09F}.Release (Anniversary Update)|x64.Build.0 = ReleaseFull|x64
		{536FCC50-09B3-4A4B-B4F9-3F3EC845D09F}.Release (Anniversary Update)|x86.ActiveCfg = ReleaseFull|x86
		{536FCC50-09B3-4A4B-B4F9-3F3EC845D09F}.Release (Anniversary Update)|x86.Build.0 = ReleaseFull|x86
		{536FCC50-09B3-4A4B-B4F9-3F3EC845D09F}.Release (Version 1511)|Any CPU.ActiveCfg = ReleaseFull|Any CPU
		{536FCC50-09B3-4A4B-B4F9-3F3EC845D09F}.Release (Version 1511)|Any CPU.Build.0 = ReleaseFull|Any CPU
		{536FCC50-09B3-4A4B-B4F9-3F3EC845D09F}.Release (Version 1511)|ARM.ActiveCfg = ReleaseFull|ARM
		{536FCC50-09B3-4A4B-B4F9-3F3EC845D09F}.Release (Version 1511)|ARM.Build.0 = ReleaseFull|ARM
		{536FCC50-09B3-4A4B-B4F9-3F3EC845D09F}.Release (Version 1511)|x64.ActiveCfg = ReleaseFull|x64
		{536FCC50-09B3-4A4B-B4F9-3F3EC845D09F}.Release (Version 1511)|x64.Build.0 = ReleaseFull|x64
		{536FCC50-09B3-4A4B-B4F9-3F3EC845D09F}.Release (Version 1511)|x86.ActiveCfg = ReleaseFull|x86
		{536FCC50-09B3-4A4B-B4F9-3F3EC845D09F}.Release (Version 1511)|x86.Build.0 = ReleaseFull|x86
		{536FCC50-09B3-4A4B-B4F9-3F3EC845D09F}.Release|Any CPU.ActiveCfg = Release|Any CPU
		{536FCC50-09B3-4A4B-B4F9-3F3EC845D09F}.Release|Any CPU.Build.0 = Release|Any CPU
		{536FCC50-09B3-4A4B-B4F9-3F3EC845D09F}.Release|ARM.ActiveCfg = Release|ARM
		{536FCC50-09B3-4A4B-B4F9-3F3EC845D09F}.Release|ARM.Build.0 = Release|ARM
		{536FCC50-09B3-4A4B-B4F9-3F3EC845D09F}.Release|x64.ActiveCfg = Release|x64
		{536FCC50-09B3-4A4B-B4F9-3F3EC845D09F}.Release|x64.Build.0 = Release|x64
		{536FCC50-09B3-4A4B-B4F9-3F3EC845D09F}.Release|x86.ActiveCfg = Release|Any CPU
		{536FCC50-09B3-4A4B-B4F9-3F3EC845D09F}.Release|x86.Build.0 = Release|Any CPU
		{536FCC50-09B3-4A4B-B4F9-3F3EC845D09F}.ReleaseFull|Any CPU.ActiveCfg = ReleaseFull|Any CPU
		{536FCC50-09B3-4A4B-B4F9-3F3EC845D09F}.ReleaseFull|Any CPU.Build.0 = ReleaseFull|Any CPU
		{536FCC50-09B3-4A4B-B4F9-3F3EC845D09F}.ReleaseFull|ARM.ActiveCfg = ReleaseFull|ARM
		{536FCC50-09B3-4A4B-B4F9-3F3EC845D09F}.ReleaseFull|ARM.Build.0 = ReleaseFull|ARM
		{536FCC50-09B3-4A4B-B4F9-3F3EC845D09F}.ReleaseFull|x64.ActiveCfg = ReleaseFull|x64
		{536FCC50-09B3-4A4B-B4F9-3F3EC845D09F}.ReleaseFull|x64.Build.0 = ReleaseFull|x64
		{536FCC50-09B3-4A4B-B4F9-3F3EC845D09F}.ReleaseFull|x86.ActiveCfg = ReleaseFull|Any CPU
		{536FCC50-09B3-4A4B-B4F9-3F3EC845D09F}.ReleaseFull|x86.Build.0 = ReleaseFull|Any CPU
		{000A719A-990E-43F4-81C9-D6BF83D091A0}.Debug (Anniversary Update)|Any CPU.ActiveCfg = DebugFull|Any CPU
		{000A719A-990E-43F4-81C9-D6BF83D091A0}.Debug (Anniversary Update)|Any CPU.Build.0 = DebugFull|Any CPU
		{000A719A-990E-43F4-81C9-D6BF83D091A0}.Debug (Anniversary Update)|ARM.ActiveCfg = DebugFull|ARM
		{000A719A-990E-43F4-81C9-D6BF83D091A0}.Debug (Anniversary Update)|ARM.Build.0 = DebugFull|ARM
		{000A719A-990E-43F4-81C9-D6BF83D091A0}.Debug (Anniversary Update)|x64.ActiveCfg = DebugFull|x64
		{000A719A-990E-43F4-81C9-D6BF83D091A0}.Debug (Anniversary Update)|x64.Build.0 = DebugFull|x64
		{000A719A-990E-43F4-81C9-D6BF83D091A0}.Debug (Anniversary Update)|x86.ActiveCfg = DebugFull|x86
		{000A719A-990E-43F4-81C9-D6BF83D091A0}.Debug (Anniversary Update)|x86.Build.0 = DebugFull|x86
		{000A719A-990E-43F4-81C9-D6BF83D091A0}.Debug (Version 1511)|Any CPU.ActiveCfg = DebugFull|Any CPU
		{000A719A-990E-43F4-81C9-D6BF83D091A0}.Debug (Version 1511)|Any CPU.Build.0 = DebugFull|Any CPU
		{000A719A-990E-43F4-81C9-D6BF83D091A0}.Debug (Version 1511)|ARM.ActiveCfg = DebugFull|ARM
		{000A719A-990E-43F4-81C9-D6BF83D091A0}.Debug (Version 1511)|ARM.Build.0 = DebugFull|ARM
		{000A719A-990E-43F4-81C9-D6BF83D091A0}.Debug (Version 1511)|x64.ActiveCfg = DebugFull|x64
		{000A719A-990E-43F4-81C9-D6BF83D091A0}.Debug (Version 1511)|x64.Build.0 = DebugFull|x64
		{000A719A-990E-43F4-81C9-D6BF83D091A0}.Debug (Version 1511)|x86.ActiveCfg = DebugFull|x86
		{000A719A-990E-43F4-81C9-D6BF83D091A0}.Debug (Version 1511)|x86.Build.0 = DebugFull|x86
		{000A719A-990E-43F4-81C9-D6BF83D091A0}.Debug|Any CPU.ActiveCfg = Debug|Any CPU
		{000A719A-990E-43F4-81C9-D6BF83D091A0}.Debug|Any CPU.Build.0 = Debug|Any CPU
		{000A719A-990E-43F4-81C9-D6BF83D091A0}.Debug|ARM.ActiveCfg = Debug|ARM
		{000A719A-990E-43F4-81C9-D6BF83D091A0}.Debug|ARM.Build.0 = Debug|ARM
		{000A719A-990E-43F4-81C9-D6BF83D091A0}.Debug|x64.ActiveCfg = Debug|x64
		{000A719A-990E-43F4-81C9-D6BF83D091A0}.Debug|x64.Build.0 = Debug|x64
		{000A719A-990E-43F4-81C9-D6BF83D091A0}.Debug|x86.ActiveCfg = Debug|Any CPU
		{000A719A-990E-43F4-81C9-D6BF83D091A0}.Debug|x86.Build.0 = Debug|Any CPU
		{000A719A-990E-43F4-81C9-D6BF83D091A0}.DebugFull|Any CPU.ActiveCfg = DebugFull|Any CPU
		{000A719A-990E-43F4-81C9-D6BF83D091A0}.DebugFull|Any CPU.Build.0 = DebugFull|Any CPU
		{000A719A-990E-43F4-81C9-D6BF83D091A0}.DebugFull|ARM.ActiveCfg = DebugFull|ARM
		{000A719A-990E-43F4-81C9-D6BF83D091A0}.DebugFull|ARM.Build.0 = DebugFull|ARM
		{000A719A-990E-43F4-81C9-D6BF83D091A0}.DebugFull|x64.ActiveCfg = DebugFull|Any CPU
		{000A719A-990E-43F4-81C9-D6BF83D091A0}.DebugFull|x64.Build.0 = DebugFull|Any CPU
		{000A719A-990E-43F4-81C9-D6BF83D091A0}.DebugFull|x86.ActiveCfg = DebugFull|Any CPU
		{000A719A-990E-43F4-81C9-D6BF83D091A0}.DebugFull|x86.Build.0 = DebugFull|Any CPU
		{000A719A-990E-43F4-81C9-D6BF83D091A0}.Publish|Any CPU.ActiveCfg = ReleaseFull|Any CPU
		{000A719A-990E-43F4-81C9-D6BF83D091A0}.Publish|Any CPU.Build.0 = ReleaseFull|Any CPU
		{000A719A-990E-43F4-81C9-D6BF83D091A0}.Publish|ARM.ActiveCfg = ReleaseFull|ARM
		{000A719A-990E-43F4-81C9-D6BF83D091A0}.Publish|ARM.Build.0 = ReleaseFull|ARM
		{000A719A-990E-43F4-81C9-D6BF83D091A0}.Publish|x64.ActiveCfg = DebugFull|x64
		{000A719A-990E-43F4-81C9-D6BF83D091A0}.Publish|x64.Build.0 = DebugFull|x64
		{000A719A-990E-43F4-81C9-D6BF83D091A0}.Publish|x86.ActiveCfg = ReleaseFull|x86
		{000A719A-990E-43F4-81C9-D6BF83D091A0}.Publish|x86.Build.0 = ReleaseFull|x86
		{000A719A-990E-43F4-81C9-D6BF83D091A0}.Release (Anniversary Update)|Any CPU.ActiveCfg = ReleaseFull|Any CPU
		{000A719A-990E-43F4-81C9-D6BF83D091A0}.Release (Anniversary Update)|Any CPU.Build.0 = ReleaseFull|Any CPU
		{000A719A-990E-43F4-81C9-D6BF83D091A0}.Release (Anniversary Update)|ARM.ActiveCfg = ReleaseFull|ARM
		{000A719A-990E-43F4-81C9-D6BF83D091A0}.Release (Anniversary Update)|ARM.Build.0 = ReleaseFull|ARM
		{000A719A-990E-43F4-81C9-D6BF83D091A0}.Release (Anniversary Update)|x64.ActiveCfg = ReleaseFull|x64
		{000A719A-990E-43F4-81C9-D6BF83D091A0}.Release (Anniversary Update)|x64.Build.0 = ReleaseFull|x64
		{000A719A-990E-43F4-81C9-D6BF83D091A0}.Release (Anniversary Update)|x86.ActiveCfg = ReleaseFull|x86
		{000A719A-990E-43F4-81C9-D6BF83D091A0}.Release (Anniversary Update)|x86.Build.0 = ReleaseFull|x86
		{000A719A-990E-43F4-81C9-D6BF83D091A0}.Release (Version 1511)|Any CPU.ActiveCfg = ReleaseFull|Any CPU
		{000A719A-990E-43F4-81C9-D6BF83D091A0}.Release (Version 1511)|Any CPU.Build.0 = ReleaseFull|Any CPU
		{000A719A-990E-43F4-81C9-D6BF83D091A0}.Release (Version 1511)|ARM.ActiveCfg = ReleaseFull|ARM
		{000A719A-990E-43F4-81C9-D6BF83D091A0}.Release (Version 1511)|ARM.Build.0 = ReleaseFull|ARM
		{000A719A-990E-43F4-81C9-D6BF83D091A0}.Release (Version 1511)|x64.ActiveCfg = ReleaseFull|x64
		{000A719A-990E-43F4-81C9-D6BF83D091A0}.Release (Version 1511)|x64.Build.0 = ReleaseFull|x64
		{000A719A-990E-43F4-81C9-D6BF83D091A0}.Release (Version 1511)|x86.ActiveCfg = ReleaseFull|x86
		{000A719A-990E-43F4-81C9-D6BF83D091A0}.Release (Version 1511)|x86.Build.0 = ReleaseFull|x86
		{000A719A-990E-43F4-81C9-D6BF83D091A0}.Release|Any CPU.ActiveCfg = Release|Any CPU
		{000A719A-990E-43F4-81C9-D6BF83D091A0}.Release|Any CPU.Build.0 = Release|Any CPU
		{000A719A-990E-43F4-81C9-D6BF83D091A0}.Release|ARM.ActiveCfg = Release|ARM
		{000A719A-990E-43F4-81C9-D6BF83D091A0}.Release|ARM.Build.0 = Release|ARM
		{000A719A-990E-43F4-81C9-D6BF83D091A0}.Release|x64.ActiveCfg = Release|x64
		{000A719A-990E-43F4-81C9-D6BF83D091A0}.Release|x64.Build.0 = Release|x64
		{000A719A-990E-43F4-81C9-D6BF83D091A0}.Release|x86.ActiveCfg = Release|Any CPU
		{000A719A-990E-43F4-81C9-D6BF83D091A0}.Release|x86.Build.0 = Release|Any CPU
		{000A719A-990E-43F4-81C9-D6BF83D091A0}.ReleaseFull|Any CPU.ActiveCfg = ReleaseFull|Any CPU
		{000A719A-990E-43F4-81C9-D6BF83D091A0}.ReleaseFull|Any CPU.Build.0 = ReleaseFull|Any CPU
		{000A719A-990E-43F4-81C9-D6BF83D091A0}.ReleaseFull|ARM.ActiveCfg = ReleaseFull|ARM
		{000A719A-990E-43F4-81C9-D6BF83D091A0}.ReleaseFull|ARM.Build.0 = ReleaseFull|ARM
		{000A719A-990E-43F4-81C9-D6BF83D091A0}.ReleaseFull|x64.ActiveCfg = ReleaseFull|x64
		{000A719A-990E-43F4-81C9-D6BF83D091A0}.ReleaseFull|x64.Build.0 = ReleaseFull|x64
		{000A719A-990E-43F4-81C9-D6BF83D091A0}.ReleaseFull|x86.ActiveCfg = ReleaseFull|Any CPU
		{000A719A-990E-43F4-81C9-D6BF83D091A0}.ReleaseFull|x86.Build.0 = ReleaseFull|Any CPU
		{49B1DE23-1521-4447-A51E-E9337D0F0EB1}.Debug (Anniversary Update)|Any CPU.ActiveCfg = Debug|Any CPU
		{49B1DE23-1521-4447-A51E-E9337D0F0EB1}.Debug (Anniversary Update)|Any CPU.Build.0 = Debug|Any CPU
		{49B1DE23-1521-4447-A51E-E9337D0F0EB1}.Debug (Anniversary Update)|ARM.ActiveCfg = DebugFull|ARM
		{49B1DE23-1521-4447-A51E-E9337D0F0EB1}.Debug (Anniversary Update)|ARM.Build.0 = DebugFull|ARM
		{49B1DE23-1521-4447-A51E-E9337D0F0EB1}.Debug (Anniversary Update)|x64.ActiveCfg = DebugFull|x64
		{49B1DE23-1521-4447-A51E-E9337D0F0EB1}.Debug (Anniversary Update)|x64.Build.0 = DebugFull|x64
		{49B1DE23-1521-4447-A51E-E9337D0F0EB1}.Debug (Anniversary Update)|x86.ActiveCfg = DebugFull|x86
		{49B1DE23-1521-4447-A51E-E9337D0F0EB1}.Debug (Anniversary Update)|x86.Build.0 = DebugFull|x86
		{49B1DE23-1521-4447-A51E-E9337D0F0EB1}.Debug (Version 1511)|Any CPU.ActiveCfg = Debug|Any CPU
		{49B1DE23-1521-4447-A51E-E9337D0F0EB1}.Debug (Version 1511)|Any CPU.Build.0 = Debug|Any CPU
		{49B1DE23-1521-4447-A51E-E9337D0F0EB1}.Debug (Version 1511)|ARM.ActiveCfg = DebugFull|ARM
		{49B1DE23-1521-4447-A51E-E9337D0F0EB1}.Debug (Version 1511)|ARM.Build.0 = DebugFull|ARM
		{49B1DE23-1521-4447-A51E-E9337D0F0EB1}.Debug (Version 1511)|x64.ActiveCfg = DebugFull|x64
		{49B1DE23-1521-4447-A51E-E9337D0F0EB1}.Debug (Version 1511)|x64.Build.0 = DebugFull|x64
		{49B1DE23-1521-4447-A51E-E9337D0F0EB1}.Debug (Version 1511)|x86.ActiveCfg = DebugFull|x86
		{49B1DE23-1521-4447-A51E-E9337D0F0EB1}.Debug (Version 1511)|x86.Build.0 = DebugFull|x86
		{49B1DE23-1521-4447-A51E-E9337D0F0EB1}.Debug|Any CPU.ActiveCfg = Debug|x86
		{49B1DE23-1521-4447-A51E-E9337D0F0EB1}.Debug|Any CPU.Build.0 = Debug|x86
		{49B1DE23-1521-4447-A51E-E9337D0F0EB1}.Debug|ARM.ActiveCfg = Debug|ARM
		{49B1DE23-1521-4447-A51E-E9337D0F0EB1}.Debug|ARM.Build.0 = Debug|ARM
		{49B1DE23-1521-4447-A51E-E9337D0F0EB1}.Debug|x64.ActiveCfg = Debug|x64
		{49B1DE23-1521-4447-A51E-E9337D0F0EB1}.Debug|x64.Build.0 = Debug|x64
		{49B1DE23-1521-4447-A51E-E9337D0F0EB1}.Debug|x86.ActiveCfg = Debug|x86
		{49B1DE23-1521-4447-A51E-E9337D0F0EB1}.Debug|x86.Build.0 = Debug|x86
		{49B1DE23-1521-4447-A51E-E9337D0F0EB1}.DebugFull|Any CPU.ActiveCfg = DebugFull|Any CPU
		{49B1DE23-1521-4447-A51E-E9337D0F0EB1}.DebugFull|Any CPU.Build.0 = DebugFull|Any CPU
		{49B1DE23-1521-4447-A51E-E9337D0F0EB1}.DebugFull|ARM.ActiveCfg = DebugFull|ARM
		{49B1DE23-1521-4447-A51E-E9337D0F0EB1}.DebugFull|ARM.Build.0 = DebugFull|ARM
		{49B1DE23-1521-4447-A51E-E9337D0F0EB1}.DebugFull|x64.ActiveCfg = DebugFull|x64
		{49B1DE23-1521-4447-A51E-E9337D0F0EB1}.DebugFull|x64.Build.0 = DebugFull|x64
		{49B1DE23-1521-4447-A51E-E9337D0F0EB1}.DebugFull|x86.ActiveCfg = DebugFull|x86
		{49B1DE23-1521-4447-A51E-E9337D0F0EB1}.DebugFull|x86.Build.0 = DebugFull|x86
		{49B1DE23-1521-4447-A51E-E9337D0F0EB1}.Publish|Any CPU.ActiveCfg = Debug|Any CPU
		{49B1DE23-1521-4447-A51E-E9337D0F0EB1}.Publish|Any CPU.Build.0 = Debug|Any CPU
		{49B1DE23-1521-4447-A51E-E9337D0F0EB1}.Publish|ARM.ActiveCfg = ReleaseFull|ARM
		{49B1DE23-1521-4447-A51E-E9337D0F0EB1}.Publish|ARM.Build.0 = ReleaseFull|ARM
		{49B1DE23-1521-4447-A51E-E9337D0F0EB1}.Publish|x64.ActiveCfg = ReleaseFull|x64
		{49B1DE23-1521-4447-A51E-E9337D0F0EB1}.Publish|x64.Build.0 = ReleaseFull|x64
		{49B1DE23-1521-4447-A51E-E9337D0F0EB1}.Publish|x86.ActiveCfg = DebugFull|x86
		{49B1DE23-1521-4447-A51E-E9337D0F0EB1}.Publish|x86.Build.0 = DebugFull|x86
		{49B1DE23-1521-4447-A51E-E9337D0F0EB1}.Release (Anniversary Update)|Any CPU.ActiveCfg = ReleaseFull|Any CPU
		{49B1DE23-1521-4447-A51E-E9337D0F0EB1}.Release (Anniversary Update)|Any CPU.Build.0 = ReleaseFull|Any CPU
		{49B1DE23-1521-4447-A51E-E9337D0F0EB1}.Release (Anniversary Update)|ARM.ActiveCfg = ReleaseFull|ARM
		{49B1DE23-1521-4447-A51E-E9337D0F0EB1}.Release (Anniversary Update)|ARM.Build.0 = ReleaseFull|ARM
		{49B1DE23-1521-4447-A51E-E9337D0F0EB1}.Release (Anniversary Update)|x64.ActiveCfg = ReleaseFull|x64
		{49B1DE23-1521-4447-A51E-E9337D0F0EB1}.Release (Anniversary Update)|x64.Build.0 = ReleaseFull|x64
		{49B1DE23-1521-4447-A51E-E9337D0F0EB1}.Release (Anniversary Update)|x86.ActiveCfg = ReleaseFull|x86
		{49B1DE23-1521-4447-A51E-E9337D0F0EB1}.Release (Anniversary Update)|x86.Build.0 = ReleaseFull|x86
		{49B1DE23-1521-4447-A51E-E9337D0F0EB1}.Release (Version 1511)|Any CPU.ActiveCfg = ReleaseFull|Any CPU
		{49B1DE23-1521-4447-A51E-E9337D0F0EB1}.Release (Version 1511)|Any CPU.Build.0 = ReleaseFull|Any CPU
		{49B1DE23-1521-4447-A51E-E9337D0F0EB1}.Release (Version 1511)|ARM.ActiveCfg = ReleaseFull|ARM
		{49B1DE23-1521-4447-A51E-E9337D0F0EB1}.Release (Version 1511)|ARM.Build.0 = ReleaseFull|ARM
		{49B1DE23-1521-4447-A51E-E9337D0F0EB1}.Release (Version 1511)|x64.ActiveCfg = ReleaseFull|x64
		{49B1DE23-1521-4447-A51E-E9337D0F0EB1}.Release (Version 1511)|x64.Build.0 = ReleaseFull|x64
		{49B1DE23-1521-4447-A51E-E9337D0F0EB1}.Release (Version 1511)|x86.ActiveCfg = ReleaseFull|x86
		{49B1DE23-1521-4447-A51E-E9337D0F0EB1}.Release (Version 1511)|x86.Build.0 = ReleaseFull|x86
		{49B1DE23-1521-4447-A51E-E9337D0F0EB1}.Release|Any CPU.ActiveCfg = Release|Any CPU
		{49B1DE23-1521-4447-A51E-E9337D0F0EB1}.Release|Any CPU.Build.0 = Release|Any CPU
		{49B1DE23-1521-4447-A51E-E9337D0F0EB1}.Release|ARM.ActiveCfg = Release|ARM
		{49B1DE23-1521-4447-A51E-E9337D0F0EB1}.Release|ARM.Build.0 = Release|ARM
		{49B1DE23-1521-4447-A51E-E9337D0F0EB1}.Release|x64.ActiveCfg = Release|x64
		{49B1DE23-1521-4447-A51E-E9337D0F0EB1}.Release|x64.Build.0 = Release|x64
		{49B1DE23-1521-4447-A51E-E9337D0F0EB1}.Release|x86.ActiveCfg = Release|x86
		{49B1DE23-1521-4447-A51E-E9337D0F0EB1}.Release|x86.Build.0 = Release|x86
		{49B1DE23-1521-4447-A51E-E9337D0F0EB1}.ReleaseFull|Any CPU.ActiveCfg = ReleaseFull|Any CPU
		{49B1DE23-1521-4447-A51E-E9337D0F0EB1}.ReleaseFull|Any CPU.Build.0 = ReleaseFull|Any CPU
		{49B1DE23-1521-4447-A51E-E9337D0F0EB1}.ReleaseFull|ARM.ActiveCfg = ReleaseFull|ARM
		{49B1DE23-1521-4447-A51E-E9337D0F0EB1}.ReleaseFull|ARM.Build.0 = ReleaseFull|ARM
		{49B1DE23-1521-4447-A51E-E9337D0F0EB1}.ReleaseFull|x64.ActiveCfg = ReleaseFull|x64
		{49B1DE23-1521-4447-A51E-E9337D0F0EB1}.ReleaseFull|x64.Build.0 = ReleaseFull|x64
		{49B1DE23-1521-4447-A51E-E9337D0F0EB1}.ReleaseFull|x86.ActiveCfg = ReleaseFull|x86
		{49B1DE23-1521-4447-A51E-E9337D0F0EB1}.ReleaseFull|x86.Build.0 = ReleaseFull|x86
		{773A3619-C084-40DA-A5FE-EDB2D26F9212}.Debug (Anniversary Update)|Any CPU.ActiveCfg = ReleaseFull|x64
		{773A3619-C084-40DA-A5FE-EDB2D26F9212}.Debug (Anniversary Update)|Any CPU.Build.0 = ReleaseFull|x64
		{773A3619-C084-40DA-A5FE-EDB2D26F9212}.Debug (Anniversary Update)|Any CPU.Deploy.0 = ReleaseFull|x64
		{773A3619-C084-40DA-A5FE-EDB2D26F9212}.Debug (Anniversary Update)|ARM.ActiveCfg = DebugFull|ARM
		{773A3619-C084-40DA-A5FE-EDB2D26F9212}.Debug (Anniversary Update)|ARM.Build.0 = DebugFull|ARM
		{773A3619-C084-40DA-A5FE-EDB2D26F9212}.Debug (Anniversary Update)|ARM.Deploy.0 = DebugFull|ARM
		{773A3619-C084-40DA-A5FE-EDB2D26F9212}.Debug (Anniversary Update)|x64.ActiveCfg = DebugFull|x64
		{773A3619-C084-40DA-A5FE-EDB2D26F9212}.Debug (Anniversary Update)|x64.Build.0 = DebugFull|x64
		{773A3619-C084-40DA-A5FE-EDB2D26F9212}.Debug (Anniversary Update)|x64.Deploy.0 = DebugFull|x64
		{773A3619-C084-40DA-A5FE-EDB2D26F9212}.Debug (Anniversary Update)|x86.ActiveCfg = DebugFull|x86
		{773A3619-C084-40DA-A5FE-EDB2D26F9212}.Debug (Anniversary Update)|x86.Build.0 = DebugFull|x86
		{773A3619-C084-40DA-A5FE-EDB2D26F9212}.Debug (Anniversary Update)|x86.Deploy.0 = DebugFull|x86
		{773A3619-C084-40DA-A5FE-EDB2D26F9212}.Debug (Version 1511)|Any CPU.ActiveCfg = ReleaseFull|x64
		{773A3619-C084-40DA-A5FE-EDB2D26F9212}.Debug (Version 1511)|Any CPU.Build.0 = ReleaseFull|x64
		{773A3619-C084-40DA-A5FE-EDB2D26F9212}.Debug (Version 1511)|Any CPU.Deploy.0 = ReleaseFull|x64
		{773A3619-C084-40DA-A5FE-EDB2D26F9212}.Debug (Version 1511)|ARM.ActiveCfg = DebugFull|ARM
		{773A3619-C084-40DA-A5FE-EDB2D26F9212}.Debug (Version 1511)|ARM.Build.0 = DebugFull|ARM
		{773A3619-C084-40DA-A5FE-EDB2D26F9212}.Debug (Version 1511)|ARM.Deploy.0 = DebugFull|ARM
		{773A3619-C084-40DA-A5FE-EDB2D26F9212}.Debug (Version 1511)|x64.ActiveCfg = DebugFull|x64
		{773A3619-C084-40DA-A5FE-EDB2D26F9212}.Debug (Version 1511)|x64.Build.0 = DebugFull|x64
		{773A3619-C084-40DA-A5FE-EDB2D26F9212}.Debug (Version 1511)|x64.Deploy.0 = DebugFull|x64
		{773A3619-C084-40DA-A5FE-EDB2D26F9212}.Debug (Version 1511)|x86.ActiveCfg = DebugFull|x86
		{773A3619-C084-40DA-A5FE-EDB2D26F9212}.Debug (Version 1511)|x86.Build.0 = DebugFull|x86
		{773A3619-C084-40DA-A5FE-EDB2D26F9212}.Debug (Version 1511)|x86.Deploy.0 = DebugFull|x86
		{773A3619-C084-40DA-A5FE-EDB2D26F9212}.Debug|Any CPU.ActiveCfg = Debug|x86
		{773A3619-C084-40DA-A5FE-EDB2D26F9212}.Debug|Any CPU.Build.0 = Debug|x86
		{773A3619-C084-40DA-A5FE-EDB2D26F9212}.Debug|Any CPU.Deploy.0 = Debug|x86
		{773A3619-C084-40DA-A5FE-EDB2D26F9212}.Debug|ARM.ActiveCfg = Debug|ARM
		{773A3619-C084-40DA-A5FE-EDB2D26F9212}.Debug|ARM.Build.0 = Debug|ARM
		{773A3619-C084-40DA-A5FE-EDB2D26F9212}.Debug|ARM.Deploy.0 = Debug|ARM
		{773A3619-C084-40DA-A5FE-EDB2D26F9212}.Debug|x64.ActiveCfg = Debug|x64
		{773A3619-C084-40DA-A5FE-EDB2D26F9212}.Debug|x64.Build.0 = Debug|x64
		{773A3619-C084-40DA-A5FE-EDB2D26F9212}.Debug|x64.Deploy.0 = Debug|x64
		{773A3619-C084-40DA-A5FE-EDB2D26F9212}.Debug|x86.ActiveCfg = Debug|x86
		{773A3619-C084-40DA-A5FE-EDB2D26F9212}.Debug|x86.Build.0 = Debug|x86
		{773A3619-C084-40DA-A5FE-EDB2D26F9212}.Debug|x86.Deploy.0 = Debug|x86
		{773A3619-C084-40DA-A5FE-EDB2D26F9212}.DebugFull|Any CPU.ActiveCfg = DebugFull|x86
		{773A3619-C084-40DA-A5FE-EDB2D26F9212}.DebugFull|ARM.ActiveCfg = DebugFull|ARM
		{773A3619-C084-40DA-A5FE-EDB2D26F9212}.DebugFull|ARM.Build.0 = DebugFull|ARM
		{773A3619-C084-40DA-A5FE-EDB2D26F9212}.DebugFull|ARM.Deploy.0 = DebugFull|ARM
		{773A3619-C084-40DA-A5FE-EDB2D26F9212}.DebugFull|x64.ActiveCfg = DebugFull|x64
		{773A3619-C084-40DA-A5FE-EDB2D26F9212}.DebugFull|x64.Build.0 = DebugFull|x64
		{773A3619-C084-40DA-A5FE-EDB2D26F9212}.DebugFull|x64.Deploy.0 = DebugFull|x64
		{773A3619-C084-40DA-A5FE-EDB2D26F9212}.DebugFull|x86.ActiveCfg = DebugFull|x86
		{773A3619-C084-40DA-A5FE-EDB2D26F9212}.DebugFull|x86.Build.0 = DebugFull|x86
		{773A3619-C084-40DA-A5FE-EDB2D26F9212}.DebugFull|x86.Deploy.0 = DebugFull|x86
		{773A3619-C084-40DA-A5FE-EDB2D26F9212}.Publish|Any CPU.ActiveCfg = ReleaseFull|x64
		{773A3619-C084-40DA-A5FE-EDB2D26F9212}.Publish|Any CPU.Build.0 = ReleaseFull|x64
		{773A3619-C084-40DA-A5FE-EDB2D26F9212}.Publish|Any CPU.Deploy.0 = ReleaseFull|x64
		{773A3619-C084-40DA-A5FE-EDB2D26F9212}.Publish|ARM.ActiveCfg = ReleaseFull|ARM
		{773A3619-C084-40DA-A5FE-EDB2D26F9212}.Publish|ARM.Build.0 = ReleaseFull|ARM
		{773A3619-C084-40DA-A5FE-EDB2D26F9212}.Publish|ARM.Deploy.0 = ReleaseFull|ARM
		{773A3619-C084-40DA-A5FE-EDB2D26F9212}.Publish|x64.ActiveCfg = ReleaseFull|x64
		{773A3619-C084-40DA-A5FE-EDB2D26F9212}.Publish|x64.Build.0 = ReleaseFull|x64
		{773A3619-C084-40DA-A5FE-EDB2D26F9212}.Publish|x64.Deploy.0 = ReleaseFull|x64
		{773A3619-C084-40DA-A5FE-EDB2D26F9212}.Publish|x86.ActiveCfg = ReleaseFull|x86
		{773A3619-C084-40DA-A5FE-EDB2D26F9212}.Publish|x86.Build.0 = ReleaseFull|x86
		{773A3619-C084-40DA-A5FE-EDB2D26F9212}.Publish|x86.Deploy.0 = ReleaseFull|x86
		{773A3619-C084-40DA-A5FE-EDB2D26F9212}.Release (Anniversary Update)|Any CPU.ActiveCfg = ReleaseFull|x64
		{773A3619-C084-40DA-A5FE-EDB2D26F9212}.Release (Anniversary Update)|Any CPU.Build.0 = ReleaseFull|x64
		{773A3619-C084-40DA-A5FE-EDB2D26F9212}.Release (Anniversary Update)|Any CPU.Deploy.0 = ReleaseFull|x64
		{773A3619-C084-40DA-A5FE-EDB2D26F9212}.Release (Anniversary Update)|ARM.ActiveCfg = ReleaseFull|ARM
		{773A3619-C084-40DA-A5FE-EDB2D26F9212}.Release (Anniversary Update)|ARM.Build.0 = ReleaseFull|ARM
		{773A3619-C084-40DA-A5FE-EDB2D26F9212}.Release (Anniversary Update)|ARM.Deploy.0 = ReleaseFull|ARM
		{773A3619-C084-40DA-A5FE-EDB2D26F9212}.Release (Anniversary Update)|x64.ActiveCfg = ReleaseFull|x64
		{773A3619-C084-40DA-A5FE-EDB2D26F9212}.Release (Anniversary Update)|x64.Build.0 = ReleaseFull|x64
		{773A3619-C084-40DA-A5FE-EDB2D26F9212}.Release (Anniversary Update)|x64.Deploy.0 = ReleaseFull|x64
		{773A3619-C084-40DA-A5FE-EDB2D26F9212}.Release (Anniversary Update)|x86.ActiveCfg = ReleaseFull|x86
		{773A3619-C084-40DA-A5FE-EDB2D26F9212}.Release (Anniversary Update)|x86.Build.0 = ReleaseFull|x86
		{773A3619-C084-40DA-A5FE-EDB2D26F9212}.Release (Anniversary Update)|x86.Deploy.0 = ReleaseFull|x86
		{773A3619-C084-40DA-A5FE-EDB2D26F9212}.Release (Version 1511)|Any CPU.ActiveCfg = ReleaseFull|x64
		{773A3619-C084-40DA-A5FE-EDB2D26F9212}.Release (Version 1511)|Any CPU.Build.0 = ReleaseFull|x64
		{773A3619-C084-40DA-A5FE-EDB2D26F9212}.Release (Version 1511)|Any CPU.Deploy.0 = ReleaseFull|x64
		{773A3619-C084-40DA-A5FE-EDB2D26F9212}.Release (Version 1511)|ARM.ActiveCfg = ReleaseFull|ARM
		{773A3619-C084-40DA-A5FE-EDB2D26F9212}.Release (Version 1511)|ARM.Build.0 = ReleaseFull|ARM
		{773A3619-C084-40DA-A5FE-EDB2D26F9212}.Release (Version 1511)|ARM.Deploy.0 = ReleaseFull|ARM
		{773A3619-C084-40DA-A5FE-EDB2D26F9212}.Release (Version 1511)|x64.ActiveCfg = ReleaseFull|x64
		{773A3619-C084-40DA-A5FE-EDB2D26F9212}.Release (Version 1511)|x64.Build.0 = ReleaseFull|x64
		{773A3619-C084-40DA-A5FE-EDB2D26F9212}.Release (Version 1511)|x64.Deploy.0 = ReleaseFull|x64
		{773A3619-C084-40DA-A5FE-EDB2D26F9212}.Release (Version 1511)|x86.ActiveCfg = ReleaseFull|x86
		{773A3619-C084-40DA-A5FE-EDB2D26F9212}.Release (Version 1511)|x86.Build.0 = ReleaseFull|x86
		{773A3619-C084-40DA-A5FE-EDB2D26F9212}.Release (Version 1511)|x86.Deploy.0 = ReleaseFull|x86
		{773A3619-C084-40DA-A5FE-EDB2D26F9212}.Release|Any CPU.ActiveCfg = Release|x86
		{773A3619-C084-40DA-A5FE-EDB2D26F9212}.Release|ARM.ActiveCfg = Release|ARM
		{773A3619-C084-40DA-A5FE-EDB2D26F9212}.Release|ARM.Build.0 = Release|ARM
		{773A3619-C084-40DA-A5FE-EDB2D26F9212}.Release|ARM.Deploy.0 = Release|ARM
		{773A3619-C084-40DA-A5FE-EDB2D26F9212}.Release|x64.ActiveCfg = Release|x64
		{773A3619-C084-40DA-A5FE-EDB2D26F9212}.Release|x64.Build.0 = Release|x64
		{773A3619-C084-40DA-A5FE-EDB2D26F9212}.Release|x64.Deploy.0 = Release|x64
		{773A3619-C084-40DA-A5FE-EDB2D26F9212}.Release|x86.ActiveCfg = Release|x86
		{773A3619-C084-40DA-A5FE-EDB2D26F9212}.Release|x86.Build.0 = Release|x86
		{773A3619-C084-40DA-A5FE-EDB2D26F9212}.Release|x86.Deploy.0 = Release|x86
		{773A3619-C084-40DA-A5FE-EDB2D26F9212}.ReleaseFull|Any CPU.ActiveCfg = ReleaseFull|x86
		{773A3619-C084-40DA-A5FE-EDB2D26F9212}.ReleaseFull|ARM.ActiveCfg = ReleaseFull|ARM
		{773A3619-C084-40DA-A5FE-EDB2D26F9212}.ReleaseFull|ARM.Build.0 = ReleaseFull|ARM
		{773A3619-C084-40DA-A5FE-EDB2D26F9212}.ReleaseFull|ARM.Deploy.0 = ReleaseFull|ARM
		{773A3619-C084-40DA-A5FE-EDB2D26F9212}.ReleaseFull|x64.ActiveCfg = ReleaseFull|x64
		{773A3619-C084-40DA-A5FE-EDB2D26F9212}.ReleaseFull|x64.Build.0 = ReleaseFull|x64
		{773A3619-C084-40DA-A5FE-EDB2D26F9212}.ReleaseFull|x64.Deploy.0 = ReleaseFull|x64
		{773A3619-C084-40DA-A5FE-EDB2D26F9212}.ReleaseFull|x86.ActiveCfg = ReleaseFull|x86
		{773A3619-C084-40DA-A5FE-EDB2D26F9212}.ReleaseFull|x86.Build.0 = ReleaseFull|x86
		{773A3619-C084-40DA-A5FE-EDB2D26F9212}.ReleaseFull|x86.Deploy.0 = ReleaseFull|x86
		{3CF4B78F-8B48-49CB-942F-83DB13474A4F}.Debug (Anniversary Update)|Any CPU.ActiveCfg = Debug|Any CPU
		{3CF4B78F-8B48-49CB-942F-83DB13474A4F}.Debug (Anniversary Update)|Any CPU.Build.0 = Debug|Any CPU
		{3CF4B78F-8B48-49CB-942F-83DB13474A4F}.Debug (Anniversary Update)|ARM.ActiveCfg = Debug|Any CPU
		{3CF4B78F-8B48-49CB-942F-83DB13474A4F}.Debug (Anniversary Update)|ARM.Build.0 = Debug|Any CPU
		{3CF4B78F-8B48-49CB-942F-83DB13474A4F}.Debug (Anniversary Update)|x64.ActiveCfg = Debug|Any CPU
		{3CF4B78F-8B48-49CB-942F-83DB13474A4F}.Debug (Anniversary Update)|x64.Build.0 = Debug|Any CPU
		{3CF4B78F-8B48-49CB-942F-83DB13474A4F}.Debug (Anniversary Update)|x86.ActiveCfg = Debug|Any CPU
		{3CF4B78F-8B48-49CB-942F-83DB13474A4F}.Debug (Anniversary Update)|x86.Build.0 = Debug|Any CPU
		{3CF4B78F-8B48-49CB-942F-83DB13474A4F}.Debug (Version 1511)|Any CPU.ActiveCfg = Debug|Any CPU
		{3CF4B78F-8B48-49CB-942F-83DB13474A4F}.Debug (Version 1511)|Any CPU.Build.0 = Debug|Any CPU
		{3CF4B78F-8B48-49CB-942F-83DB13474A4F}.Debug (Version 1511)|ARM.ActiveCfg = Debug|Any CPU
		{3CF4B78F-8B48-49CB-942F-83DB13474A4F}.Debug (Version 1511)|ARM.Build.0 = Debug|Any CPU
		{3CF4B78F-8B48-49CB-942F-83DB13474A4F}.Debug (Version 1511)|x64.ActiveCfg = Debug|Any CPU
		{3CF4B78F-8B48-49CB-942F-83DB13474A4F}.Debug (Version 1511)|x64.Build.0 = Debug|Any CPU
		{3CF4B78F-8B48-49CB-942F-83DB13474A4F}.Debug (Version 1511)|x86.ActiveCfg = Debug|Any CPU
		{3CF4B78F-8B48-49CB-942F-83DB13474A4F}.Debug (Version 1511)|x86.Build.0 = Debug|Any CPU
		{3CF4B78F-8B48-49CB-942F-83DB13474A4F}.Debug|Any CPU.ActiveCfg = Debug|Any CPU
		{3CF4B78F-8B48-49CB-942F-83DB13474A4F}.Debug|Any CPU.Build.0 = Debug|Any CPU
		{3CF4B78F-8B48-49CB-942F-83DB13474A4F}.Debug|ARM.ActiveCfg = Debug|Any CPU
		{3CF4B78F-8B48-49CB-942F-83DB13474A4F}.Debug|ARM.Build.0 = Debug|Any CPU
		{3CF4B78F-8B48-49CB-942F-83DB13474A4F}.Debug|x64.ActiveCfg = Debug|Any CPU
		{3CF4B78F-8B48-49CB-942F-83DB13474A4F}.Debug|x64.Build.0 = Debug|Any CPU
		{3CF4B78F-8B48-49CB-942F-83DB13474A4F}.Debug|x86.ActiveCfg = Debug|Any CPU
		{3CF4B78F-8B48-49CB-942F-83DB13474A4F}.Debug|x86.Build.0 = Debug|Any CPU
		{3CF4B78F-8B48-49CB-942F-83DB13474A4F}.DebugFull|Any CPU.ActiveCfg = Debug|Any CPU
		{3CF4B78F-8B48-49CB-942F-83DB13474A4F}.DebugFull|Any CPU.Build.0 = Debug|Any CPU
		{3CF4B78F-8B48-49CB-942F-83DB13474A4F}.DebugFull|ARM.ActiveCfg = Debug|Any CPU
		{3CF4B78F-8B48-49CB-942F-83DB13474A4F}.DebugFull|ARM.Build.0 = Debug|Any CPU
		{3CF4B78F-8B48-49CB-942F-83DB13474A4F}.DebugFull|x64.ActiveCfg = Debug|Any CPU
		{3CF4B78F-8B48-49CB-942F-83DB13474A4F}.DebugFull|x64.Build.0 = Debug|Any CPU
		{3CF4B78F-8B48-49CB-942F-83DB13474A4F}.DebugFull|x86.ActiveCfg = Debug|Any CPU
		{3CF4B78F-8B48-49CB-942F-83DB13474A4F}.DebugFull|x86.Build.0 = Debug|Any CPU
		{3CF4B78F-8B48-49CB-942F-83DB13474A4F}.Publish|Any CPU.ActiveCfg = Release|Any CPU
		{3CF4B78F-8B48-49CB-942F-83DB13474A4F}.Publish|Any CPU.Build.0 = Release|Any CPU
		{3CF4B78F-8B48-49CB-942F-83DB13474A4F}.Publish|ARM.ActiveCfg = Release|Any CPU
		{3CF4B78F-8B48-49CB-942F-83DB13474A4F}.Publish|ARM.Build.0 = Release|Any CPU
		{3CF4B78F-8B48-49CB-942F-83DB13474A4F}.Publish|x64.ActiveCfg = Release|Any CPU
		{3CF4B78F-8B48-49CB-942F-83DB13474A4F}.Publish|x64.Build.0 = Release|Any CPU
		{3CF4B78F-8B48-49CB-942F-83DB13474A4F}.Publish|x86.ActiveCfg = Release|Any CPU
		{3CF4B78F-8B48-49CB-942F-83DB13474A4F}.Publish|x86.Build.0 = Release|Any CPU
		{3CF4B78F-8B48-49CB-942F-83DB13474A4F}.Release (Anniversary Update)|Any CPU.ActiveCfg = Release|Any CPU
		{3CF4B78F-8B48-49CB-942F-83DB13474A4F}.Release (Anniversary Update)|Any CPU.Build.0 = Release|Any CPU
		{3CF4B78F-8B48-49CB-942F-83DB13474A4F}.Release (Anniversary Update)|ARM.ActiveCfg = Release|Any CPU
		{3CF4B78F-8B48-49CB-942F-83DB13474A4F}.Release (Anniversary Update)|ARM.Build.0 = Release|Any CPU
		{3CF4B78F-8B48-49CB-942F-83DB13474A4F}.Release (Anniversary Update)|x64.ActiveCfg = Release|Any CPU
		{3CF4B78F-8B48-49CB-942F-83DB13474A4F}.Release (Anniversary Update)|x64.Build.0 = Release|Any CPU
		{3CF4B78F-8B48-49CB-942F-83DB13474A4F}.Release (Anniversary Update)|x86.ActiveCfg = Release|Any CPU
		{3CF4B78F-8B48-49CB-942F-83DB13474A4F}.Release (Anniversary Update)|x86.Build.0 = Release|Any CPU
		{3CF4B78F-8B48-49CB-942F-83DB13474A4F}.Release (Version 1511)|Any CPU.ActiveCfg = Release|Any CPU
		{3CF4B78F-8B48-49CB-942F-83DB13474A4F}.Release (Version 1511)|Any CPU.Build.0 = Release|Any CPU
		{3CF4B78F-8B48-49CB-942F-83DB13474A4F}.Release (Version 1511)|ARM.ActiveCfg = Release|Any CPU
		{3CF4B78F-8B48-49CB-942F-83DB13474A4F}.Release (Version 1511)|ARM.Build.0 = Release|Any CPU
		{3CF4B78F-8B48-49CB-942F-83DB13474A4F}.Release (Version 1511)|x64.ActiveCfg = Release|Any CPU
		{3CF4B78F-8B48-49CB-942F-83DB13474A4F}.Release (Version 1511)|x64.Build.0 = Release|Any CPU
		{3CF4B78F-8B48-49CB-942F-83DB13474A4F}.Release (Version 1511)|x86.ActiveCfg = Release|Any CPU
		{3CF4B78F-8B48-49CB-942F-83DB13474A4F}.Release (Version 1511)|x86.Build.0 = Release|Any CPU
		{3CF4B78F-8B48-49CB-942F-83DB13474A4F}.Release|Any CPU.ActiveCfg = Release|Any CPU
		{3CF4B78F-8B48-49CB-942F-83DB13474A4F}.Release|Any CPU.Build.0 = Release|Any CPU
		{3CF4B78F-8B48-49CB-942F-83DB13474A4F}.Release|ARM.ActiveCfg = Release|Any CPU
		{3CF4B78F-8B48-49CB-942F-83DB13474A4F}.Release|ARM.Build.0 = Release|Any CPU
		{3CF4B78F-8B48-49CB-942F-83DB13474A4F}.Release|x64.ActiveCfg = Release|Any CPU
		{3CF4B78F-8B48-49CB-942F-83DB13474A4F}.Release|x64.Build.0 = Release|Any CPU
		{3CF4B78F-8B48-49CB-942F-83DB13474A4F}.Release|x86.ActiveCfg = Release|Any CPU
		{3CF4B78F-8B48-49CB-942F-83DB13474A4F}.Release|x86.Build.0 = Release|Any CPU
		{3CF4B78F-8B48-49CB-942F-83DB13474A4F}.ReleaseFull|Any CPU.ActiveCfg = Release|Any CPU
		{3CF4B78F-8B48-49CB-942F-83DB13474A4F}.ReleaseFull|Any CPU.Build.0 = Release|Any CPU
		{3CF4B78F-8B48-49CB-942F-83DB13474A4F}.ReleaseFull|ARM.ActiveCfg = Release|Any CPU
		{3CF4B78F-8B48-49CB-942F-83DB13474A4F}.ReleaseFull|ARM.Build.0 = Release|Any CPU
		{3CF4B78F-8B48-49CB-942F-83DB13474A4F}.ReleaseFull|x64.ActiveCfg = Release|Any CPU
		{3CF4B78F-8B48-49CB-942F-83DB13474A4F}.ReleaseFull|x64.Build.0 = Release|Any CPU
		{3CF4B78F-8B48-49CB-942F-83DB13474A4F}.ReleaseFull|x86.ActiveCfg = Release|Any CPU
		{3CF4B78F-8B48-49CB-942F-83DB13474A4F}.ReleaseFull|x86.Build.0 = Release|Any CPU
		{09D7D389-7D67-45B7-90EC-B1D20693DBC5}.Debug (Anniversary Update)|Any CPU.ActiveCfg = Debug|Any CPU
		{09D7D389-7D67-45B7-90EC-B1D20693DBC5}.Debug (Anniversary Update)|Any CPU.Build.0 = Debug|Any CPU
		{09D7D389-7D67-45B7-90EC-B1D20693DBC5}.Debug (Anniversary Update)|ARM.ActiveCfg = Debug|Any CPU
		{09D7D389-7D67-45B7-90EC-B1D20693DBC5}.Debug (Anniversary Update)|ARM.Build.0 = Debug|Any CPU
		{09D7D389-7D67-45B7-90EC-B1D20693DBC5}.Debug (Anniversary Update)|x64.ActiveCfg = Debug|Any CPU
		{09D7D389-7D67-45B7-90EC-B1D20693DBC5}.Debug (Anniversary Update)|x64.Build.0 = Debug|Any CPU
		{09D7D389-7D67-45B7-90EC-B1D20693DBC5}.Debug (Anniversary Update)|x86.ActiveCfg = Debug|Any CPU
		{09D7D389-7D67-45B7-90EC-B1D20693DBC5}.Debug (Anniversary Update)|x86.Build.0 = Debug|Any CPU
		{09D7D389-7D67-45B7-90EC-B1D20693DBC5}.Debug (Version 1511)|Any CPU.ActiveCfg = Debug|Any CPU
		{09D7D389-7D67-45B7-90EC-B1D20693DBC5}.Debug (Version 1511)|Any CPU.Build.0 = Debug|Any CPU
		{09D7D389-7D67-45B7-90EC-B1D20693DBC5}.Debug (Version 1511)|ARM.ActiveCfg = Debug|Any CPU
		{09D7D389-7D67-45B7-90EC-B1D20693DBC5}.Debug (Version 1511)|ARM.Build.0 = Debug|Any CPU
		{09D7D389-7D67-45B7-90EC-B1D20693DBC5}.Debug (Version 1511)|x64.ActiveCfg = Debug|Any CPU
		{09D7D389-7D67-45B7-90EC-B1D20693DBC5}.Debug (Version 1511)|x64.Build.0 = Debug|Any CPU
		{09D7D389-7D67-45B7-90EC-B1D20693DBC5}.Debug (Version 1511)|x86.ActiveCfg = Debug|Any CPU
		{09D7D389-7D67-45B7-90EC-B1D20693DBC5}.Debug (Version 1511)|x86.Build.0 = Debug|Any CPU
		{09D7D389-7D67-45B7-90EC-B1D20693DBC5}.Debug|Any CPU.ActiveCfg = Debug|Any CPU
		{09D7D389-7D67-45B7-90EC-B1D20693DBC5}.Debug|Any CPU.Build.0 = Debug|Any CPU
		{09D7D389-7D67-45B7-90EC-B1D20693DBC5}.Debug|ARM.ActiveCfg = Debug|Any CPU
		{09D7D389-7D67-45B7-90EC-B1D20693DBC5}.Debug|ARM.Build.0 = Debug|Any CPU
		{09D7D389-7D67-45B7-90EC-B1D20693DBC5}.Debug|x64.ActiveCfg = Debug|Any CPU
		{09D7D389-7D67-45B7-90EC-B1D20693DBC5}.Debug|x64.Build.0 = Debug|Any CPU
		{09D7D389-7D67-45B7-90EC-B1D20693DBC5}.Debug|x86.ActiveCfg = Debug|Any CPU
		{09D7D389-7D67-45B7-90EC-B1D20693DBC5}.Debug|x86.Build.0 = Debug|Any CPU
		{09D7D389-7D67-45B7-90EC-B1D20693DBC5}.DebugFull|Any CPU.ActiveCfg = Debug|Any CPU
		{09D7D389-7D67-45B7-90EC-B1D20693DBC5}.DebugFull|Any CPU.Build.0 = Debug|Any CPU
		{09D7D389-7D67-45B7-90EC-B1D20693DBC5}.DebugFull|ARM.ActiveCfg = Debug|Any CPU
		{09D7D389-7D67-45B7-90EC-B1D20693DBC5}.DebugFull|ARM.Build.0 = Debug|Any CPU
		{09D7D389-7D67-45B7-90EC-B1D20693DBC5}.DebugFull|x64.ActiveCfg = Debug|Any CPU
		{09D7D389-7D67-45B7-90EC-B1D20693DBC5}.DebugFull|x64.Build.0 = Debug|Any CPU
		{09D7D389-7D67-45B7-90EC-B1D20693DBC5}.DebugFull|x86.ActiveCfg = Debug|Any CPU
		{09D7D389-7D67-45B7-90EC-B1D20693DBC5}.DebugFull|x86.Build.0 = Debug|Any CPU
		{09D7D389-7D67-45B7-90EC-B1D20693DBC5}.Publish|Any CPU.ActiveCfg = Release|Any CPU
		{09D7D389-7D67-45B7-90EC-B1D20693DBC5}.Publish|Any CPU.Build.0 = Release|Any CPU
		{09D7D389-7D67-45B7-90EC-B1D20693DBC5}.Publish|ARM.ActiveCfg = Release|Any CPU
		{09D7D389-7D67-45B7-90EC-B1D20693DBC5}.Publish|ARM.Build.0 = Release|Any CPU
		{09D7D389-7D67-45B7-90EC-B1D20693DBC5}.Publish|x64.ActiveCfg = Release|Any CPU
		{09D7D389-7D67-45B7-90EC-B1D20693DBC5}.Publish|x64.Build.0 = Release|Any CPU
		{09D7D389-7D67-45B7-90EC-B1D20693DBC5}.Publish|x86.ActiveCfg = Release|Any CPU
		{09D7D389-7D67-45B7-90EC-B1D20693DBC5}.Publish|x86.Build.0 = Release|Any CPU
		{09D7D389-7D67-45B7-90EC-B1D20693DBC5}.Release (Anniversary Update)|Any CPU.ActiveCfg = Release|Any CPU
		{09D7D389-7D67-45B7-90EC-B1D20693DBC5}.Release (Anniversary Update)|Any CPU.Build.0 = Release|Any CPU
		{09D7D389-7D67-45B7-90EC-B1D20693DBC5}.Release (Anniversary Update)|ARM.ActiveCfg = Release|Any CPU
		{09D7D389-7D67-45B7-90EC-B1D20693DBC5}.Release (Anniversary Update)|ARM.Build.0 = Release|Any CPU
		{09D7D389-7D67-45B7-90EC-B1D20693DBC5}.Release (Anniversary Update)|x64.ActiveCfg = Release|Any CPU
		{09D7D389-7D67-45B7-90EC-B1D20693DBC5}.Release (Anniversary Update)|x64.Build.0 = Release|Any CPU
		{09D7D389-7D67-45B7-90EC-B1D20693DBC5}.Release (Anniversary Update)|x86.ActiveCfg = Release|Any CPU
		{09D7D389-7D67-45B7-90EC-B1D20693DBC5}.Release (Anniversary Update)|x86.Build.0 = Release|Any CPU
		{09D7D389-7D67-45B7-90EC-B1D20693DBC5}.Release (Version 1511)|Any CPU.ActiveCfg = Release|Any CPU
		{09D7D389-7D67-45B7-90EC-B1D20693DBC5}.Release (Version 1511)|Any CPU.Build.0 = Release|Any CPU
		{09D7D389-7D67-45B7-90EC-B1D20693DBC5}.Release (Version 1511)|ARM.ActiveCfg = Release|Any CPU
		{09D7D389-7D67-45B7-90EC-B1D20693DBC5}.Release (Version 1511)|ARM.Build.0 = Release|Any CPU
		{09D7D389-7D67-45B7-90EC-B1D20693DBC5}.Release (Version 1511)|x64.ActiveCfg = Release|Any CPU
		{09D7D389-7D67-45B7-90EC-B1D20693DBC5}.Release (Version 1511)|x64.Build.0 = Release|Any CPU
		{09D7D389-7D67-45B7-90EC-B1D20693DBC5}.Release (Version 1511)|x86.ActiveCfg = Release|Any CPU
		{09D7D389-7D67-45B7-90EC-B1D20693DBC5}.Release (Version 1511)|x86.Build.0 = Release|Any CPU
		{09D7D389-7D67-45B7-90EC-B1D20693DBC5}.Release|Any CPU.ActiveCfg = Release|Any CPU
		{09D7D389-7D67-45B7-90EC-B1D20693DBC5}.Release|Any CPU.Build.0 = Release|Any CPU
		{09D7D389-7D67-45B7-90EC-B1D20693DBC5}.Release|ARM.ActiveCfg = Release|Any CPU
		{09D7D389-7D67-45B7-90EC-B1D20693DBC5}.Release|ARM.Build.0 = Release|Any CPU
		{09D7D389-7D67-45B7-90EC-B1D20693DBC5}.Release|x64.ActiveCfg = Release|Any CPU
		{09D7D389-7D67-45B7-90EC-B1D20693DBC5}.Release|x64.Build.0 = Release|Any CPU
		{09D7D389-7D67-45B7-90EC-B1D20693DBC5}.Release|x86.ActiveCfg = Release|Any CPU
		{09D7D389-7D67-45B7-90EC-B1D20693DBC5}.Release|x86.Build.0 = Release|Any CPU
		{09D7D389-7D67-45B7-90EC-B1D20693DBC5}.ReleaseFull|Any CPU.ActiveCfg = Release|Any CPU
		{09D7D389-7D67-45B7-90EC-B1D20693DBC5}.ReleaseFull|Any CPU.Build.0 = Release|Any CPU
		{09D7D389-7D67-45B7-90EC-B1D20693DBC5}.ReleaseFull|ARM.ActiveCfg = Release|Any CPU
		{09D7D389-7D67-45B7-90EC-B1D20693DBC5}.ReleaseFull|ARM.Build.0 = Release|Any CPU
		{09D7D389-7D67-45B7-90EC-B1D20693DBC5}.ReleaseFull|x64.ActiveCfg = Release|Any CPU
		{09D7D389-7D67-45B7-90EC-B1D20693DBC5}.ReleaseFull|x64.Build.0 = Release|Any CPU
		{09D7D389-7D67-45B7-90EC-B1D20693DBC5}.ReleaseFull|x86.ActiveCfg = Release|Any CPU
		{09D7D389-7D67-45B7-90EC-B1D20693DBC5}.ReleaseFull|x86.Build.0 = Release|Any CPU
		{7887EBDB-A6B2-400E-9017-C47B606AA8D9}.Debug (Anniversary Update)|Any CPU.ActiveCfg = Debug|Any CPU
		{7887EBDB-A6B2-400E-9017-C47B606AA8D9}.Debug (Anniversary Update)|Any CPU.Build.0 = Debug|Any CPU
		{7887EBDB-A6B2-400E-9017-C47B606AA8D9}.Debug (Anniversary Update)|ARM.ActiveCfg = Debug|Any CPU
		{7887EBDB-A6B2-400E-9017-C47B606AA8D9}.Debug (Anniversary Update)|ARM.Build.0 = Debug|Any CPU
		{7887EBDB-A6B2-400E-9017-C47B606AA8D9}.Debug (Anniversary Update)|x64.ActiveCfg = Debug|Any CPU
		{7887EBDB-A6B2-400E-9017-C47B606AA8D9}.Debug (Anniversary Update)|x64.Build.0 = Debug|Any CPU
		{7887EBDB-A6B2-400E-9017-C47B606AA8D9}.Debug (Anniversary Update)|x86.ActiveCfg = Debug|Any CPU
		{7887EBDB-A6B2-400E-9017-C47B606AA8D9}.Debug (Anniversary Update)|x86.Build.0 = Debug|Any CPU
		{7887EBDB-A6B2-400E-9017-C47B606AA8D9}.Debug (Version 1511)|Any CPU.ActiveCfg = Debug|Any CPU
		{7887EBDB-A6B2-400E-9017-C47B606AA8D9}.Debug (Version 1511)|Any CPU.Build.0 = Debug|Any CPU
		{7887EBDB-A6B2-400E-9017-C47B606AA8D9}.Debug (Version 1511)|ARM.ActiveCfg = Debug|Any CPU
		{7887EBDB-A6B2-400E-9017-C47B606AA8D9}.Debug (Version 1511)|ARM.Build.0 = Debug|Any CPU
		{7887EBDB-A6B2-400E-9017-C47B606AA8D9}.Debug (Version 1511)|x64.ActiveCfg = Debug|Any CPU
		{7887EBDB-A6B2-400E-9017-C47B606AA8D9}.Debug (Version 1511)|x64.Build.0 = Debug|Any CPU
		{7887EBDB-A6B2-400E-9017-C47B606AA8D9}.Debug (Version 1511)|x86.ActiveCfg = Debug|Any CPU
		{7887EBDB-A6B2-400E-9017-C47B606AA8D9}.Debug (Version 1511)|x86.Build.0 = Debug|Any CPU
		{7887EBDB-A6B2-400E-9017-C47B606AA8D9}.Debug|Any CPU.ActiveCfg = Debug|Any CPU
		{7887EBDB-A6B2-400E-9017-C47B606AA8D9}.Debug|Any CPU.Build.0 = Debug|Any CPU
		{7887EBDB-A6B2-400E-9017-C47B606AA8D9}.Debug|ARM.ActiveCfg = Debug|Any CPU
		{7887EBDB-A6B2-400E-9017-C47B606AA8D9}.Debug|ARM.Build.0 = Debug|Any CPU
		{7887EBDB-A6B2-400E-9017-C47B606AA8D9}.Debug|x64.ActiveCfg = Debug|Any CPU
		{7887EBDB-A6B2-400E-9017-C47B606AA8D9}.Debug|x64.Build.0 = Debug|Any CPU
		{7887EBDB-A6B2-400E-9017-C47B606AA8D9}.Debug|x86.ActiveCfg = Debug|Any CPU
		{7887EBDB-A6B2-400E-9017-C47B606AA8D9}.Debug|x86.Build.0 = Debug|Any CPU
		{7887EBDB-A6B2-400E-9017-C47B606AA8D9}.DebugFull|Any CPU.ActiveCfg = Debug|Any CPU
		{7887EBDB-A6B2-400E-9017-C47B606AA8D9}.DebugFull|Any CPU.Build.0 = Debug|Any CPU
		{7887EBDB-A6B2-400E-9017-C47B606AA8D9}.DebugFull|ARM.ActiveCfg = Debug|Any CPU
		{7887EBDB-A6B2-400E-9017-C47B606AA8D9}.DebugFull|ARM.Build.0 = Debug|Any CPU
		{7887EBDB-A6B2-400E-9017-C47B606AA8D9}.DebugFull|x64.ActiveCfg = Debug|Any CPU
		{7887EBDB-A6B2-400E-9017-C47B606AA8D9}.DebugFull|x64.Build.0 = Debug|Any CPU
		{7887EBDB-A6B2-400E-9017-C47B606AA8D9}.DebugFull|x86.ActiveCfg = Debug|Any CPU
		{7887EBDB-A6B2-400E-9017-C47B606AA8D9}.DebugFull|x86.Build.0 = Debug|Any CPU
		{7887EBDB-A6B2-400E-9017-C47B606AA8D9}.Publish|Any CPU.ActiveCfg = Release|Any CPU
		{7887EBDB-A6B2-400E-9017-C47B606AA8D9}.Publish|Any CPU.Build.0 = Release|Any CPU
		{7887EBDB-A6B2-400E-9017-C47B606AA8D9}.Publish|ARM.ActiveCfg = Release|Any CPU
		{7887EBDB-A6B2-400E-9017-C47B606AA8D9}.Publish|ARM.Build.0 = Release|Any CPU
		{7887EBDB-A6B2-400E-9017-C47B606AA8D9}.Publish|x64.ActiveCfg = Release|Any CPU
		{7887EBDB-A6B2-400E-9017-C47B606AA8D9}.Publish|x64.Build.0 = Release|Any CPU
		{7887EBDB-A6B2-400E-9017-C47B606AA8D9}.Publish|x86.ActiveCfg = Release|Any CPU
		{7887EBDB-A6B2-400E-9017-C47B606AA8D9}.Publish|x86.Build.0 = Release|Any CPU
		{7887EBDB-A6B2-400E-9017-C47B606AA8D9}.Release (Anniversary Update)|Any CPU.ActiveCfg = Release|Any CPU
		{7887EBDB-A6B2-400E-9017-C47B606AA8D9}.Release (Anniversary Update)|Any CPU.Build.0 = Release|Any CPU
		{7887EBDB-A6B2-400E-9017-C47B606AA8D9}.Release (Anniversary Update)|ARM.ActiveCfg = Release|Any CPU
		{7887EBDB-A6B2-400E-9017-C47B606AA8D9}.Release (Anniversary Update)|ARM.Build.0 = Release|Any CPU
		{7887EBDB-A6B2-400E-9017-C47B606AA8D9}.Release (Anniversary Update)|x64.ActiveCfg = Release|Any CPU
		{7887EBDB-A6B2-400E-9017-C47B606AA8D9}.Release (Anniversary Update)|x64.Build.0 = Release|Any CPU
		{7887EBDB-A6B2-400E-9017-C47B606AA8D9}.Release (Anniversary Update)|x86.ActiveCfg = Release|Any CPU
		{7887EBDB-A6B2-400E-9017-C47B606AA8D9}.Release (Anniversary Update)|x86.Build.0 = Release|Any CPU
		{7887EBDB-A6B2-400E-9017-C47B606AA8D9}.Release (Version 1511)|Any CPU.ActiveCfg = Release|Any CPU
		{7887EBDB-A6B2-400E-9017-C47B606AA8D9}.Release (Version 1511)|Any CPU.Build.0 = Release|Any CPU
		{7887EBDB-A6B2-400E-9017-C47B606AA8D9}.Release (Version 1511)|ARM.ActiveCfg = Release|Any CPU
		{7887EBDB-A6B2-400E-9017-C47B606AA8D9}.Release (Version 1511)|ARM.Build.0 = Release|Any CPU
		{7887EBDB-A6B2-400E-9017-C47B606AA8D9}.Release (Version 1511)|x64.ActiveCfg = Release|Any CPU
		{7887EBDB-A6B2-400E-9017-C47B606AA8D9}.Release (Version 1511)|x64.Build.0 = Release|Any CPU
		{7887EBDB-A6B2-400E-9017-C47B606AA8D9}.Release (Version 1511)|x86.ActiveCfg = Release|Any CPU
		{7887EBDB-A6B2-400E-9017-C47B606AA8D9}.Release (Version 1511)|x86.Build.0 = Release|Any CPU
		{7887EBDB-A6B2-400E-9017-C47B606AA8D9}.Release|Any CPU.ActiveCfg = Release|Any CPU
		{7887EBDB-A6B2-400E-9017-C47B606AA8D9}.Release|Any CPU.Build.0 = Release|Any CPU
		{7887EBDB-A6B2-400E-9017-C47B606AA8D9}.Release|ARM.ActiveCfg = Release|Any CPU
		{7887EBDB-A6B2-400E-9017-C47B606AA8D9}.Release|ARM.Build.0 = Release|Any CPU
		{7887EBDB-A6B2-400E-9017-C47B606AA8D9}.Release|x64.ActiveCfg = Release|Any CPU
		{7887EBDB-A6B2-400E-9017-C47B606AA8D9}.Release|x64.Build.0 = Release|Any CPU
		{7887EBDB-A6B2-400E-9017-C47B606AA8D9}.Release|x86.ActiveCfg = Release|Any CPU
		{7887EBDB-A6B2-400E-9017-C47B606AA8D9}.Release|x86.Build.0 = Release|Any CPU
		{7887EBDB-A6B2-400E-9017-C47B606AA8D9}.ReleaseFull|Any CPU.ActiveCfg = Release|Any CPU
		{7887EBDB-A6B2-400E-9017-C47B606AA8D9}.ReleaseFull|Any CPU.Build.0 = Release|Any CPU
		{7887EBDB-A6B2-400E-9017-C47B606AA8D9}.ReleaseFull|ARM.ActiveCfg = Release|Any CPU
		{7887EBDB-A6B2-400E-9017-C47B606AA8D9}.ReleaseFull|ARM.Build.0 = Release|Any CPU
		{7887EBDB-A6B2-400E-9017-C47B606AA8D9}.ReleaseFull|x64.ActiveCfg = Release|Any CPU
		{7887EBDB-A6B2-400E-9017-C47B606AA8D9}.ReleaseFull|x64.Build.0 = Release|Any CPU
		{7887EBDB-A6B2-400E-9017-C47B606AA8D9}.ReleaseFull|x86.ActiveCfg = Release|Any CPU
		{7887EBDB-A6B2-400E-9017-C47B606AA8D9}.ReleaseFull|x86.Build.0 = Release|Any CPU
		{09BFF450-70F2-4F76-AD3B-971883368FDA}.Debug (Anniversary Update)|Any CPU.ActiveCfg = Debug|Any CPU
		{09BFF450-70F2-4F76-AD3B-971883368FDA}.Debug (Anniversary Update)|Any CPU.Build.0 = Debug|Any CPU
		{09BFF450-70F2-4F76-AD3B-971883368FDA}.Debug (Anniversary Update)|ARM.ActiveCfg = Debug|Any CPU
		{09BFF450-70F2-4F76-AD3B-971883368FDA}.Debug (Anniversary Update)|ARM.Build.0 = Debug|Any CPU
		{09BFF450-70F2-4F76-AD3B-971883368FDA}.Debug (Anniversary Update)|x64.ActiveCfg = Debug|Any CPU
		{09BFF450-70F2-4F76-AD3B-971883368FDA}.Debug (Anniversary Update)|x64.Build.0 = Debug|Any CPU
		{09BFF450-70F2-4F76-AD3B-971883368FDA}.Debug (Anniversary Update)|x86.ActiveCfg = Debug|Any CPU
		{09BFF450-70F2-4F76-AD3B-971883368FDA}.Debug (Anniversary Update)|x86.Build.0 = Debug|Any CPU
		{09BFF450-70F2-4F76-AD3B-971883368FDA}.Debug (Version 1511)|Any CPU.ActiveCfg = Debug|Any CPU
		{09BFF450-70F2-4F76-AD3B-971883368FDA}.Debug (Version 1511)|Any CPU.Build.0 = Debug|Any CPU
		{09BFF450-70F2-4F76-AD3B-971883368FDA}.Debug (Version 1511)|ARM.ActiveCfg = Debug|Any CPU
		{09BFF450-70F2-4F76-AD3B-971883368FDA}.Debug (Version 1511)|ARM.Build.0 = Debug|Any CPU
		{09BFF450-70F2-4F76-AD3B-971883368FDA}.Debug (Version 1511)|x64.ActiveCfg = Debug|Any CPU
		{09BFF450-70F2-4F76-AD3B-971883368FDA}.Debug (Version 1511)|x64.Build.0 = Debug|Any CPU
		{09BFF450-70F2-4F76-AD3B-971883368FDA}.Debug (Version 1511)|x86.ActiveCfg = Debug|Any CPU
		{09BFF450-70F2-4F76-AD3B-971883368FDA}.Debug (Version 1511)|x86.Build.0 = Debug|Any CPU
		{09BFF450-70F2-4F76-AD3B-971883368FDA}.Debug|Any CPU.ActiveCfg = Debug|Any CPU
		{09BFF450-70F2-4F76-AD3B-971883368FDA}.Debug|Any CPU.Build.0 = Debug|Any CPU
		{09BFF450-70F2-4F76-AD3B-971883368FDA}.Debug|ARM.ActiveCfg = Debug|Any CPU
		{09BFF450-70F2-4F76-AD3B-971883368FDA}.Debug|ARM.Build.0 = Debug|Any CPU
		{09BFF450-70F2-4F76-AD3B-971883368FDA}.Debug|x64.ActiveCfg = Debug|Any CPU
		{09BFF450-70F2-4F76-AD3B-971883368FDA}.Debug|x64.Build.0 = Debug|Any CPU
		{09BFF450-70F2-4F76-AD3B-971883368FDA}.Debug|x86.ActiveCfg = Debug|Any CPU
		{09BFF450-70F2-4F76-AD3B-971883368FDA}.Debug|x86.Build.0 = Debug|Any CPU
		{09BFF450-70F2-4F76-AD3B-971883368FDA}.DebugFull|Any CPU.ActiveCfg = Debug|Any CPU
		{09BFF450-70F2-4F76-AD3B-971883368FDA}.DebugFull|Any CPU.Build.0 = Debug|Any CPU
		{09BFF450-70F2-4F76-AD3B-971883368FDA}.DebugFull|ARM.ActiveCfg = Debug|Any CPU
		{09BFF450-70F2-4F76-AD3B-971883368FDA}.DebugFull|ARM.Build.0 = Debug|Any CPU
		{09BFF450-70F2-4F76-AD3B-971883368FDA}.DebugFull|x64.ActiveCfg = Debug|Any CPU
		{09BFF450-70F2-4F76-AD3B-971883368FDA}.DebugFull|x64.Build.0 = Debug|Any CPU
		{09BFF450-70F2-4F76-AD3B-971883368FDA}.DebugFull|x86.ActiveCfg = Debug|Any CPU
		{09BFF450-70F2-4F76-AD3B-971883368FDA}.DebugFull|x86.Build.0 = Debug|Any CPU
		{09BFF450-70F2-4F76-AD3B-971883368FDA}.Publish|Any CPU.ActiveCfg = Release|Any CPU
		{09BFF450-70F2-4F76-AD3B-971883368FDA}.Publish|Any CPU.Build.0 = Release|Any CPU
		{09BFF450-70F2-4F76-AD3B-971883368FDA}.Publish|ARM.ActiveCfg = Release|Any CPU
		{09BFF450-70F2-4F76-AD3B-971883368FDA}.Publish|ARM.Build.0 = Release|Any CPU
		{09BFF450-70F2-4F76-AD3B-971883368FDA}.Publish|x64.ActiveCfg = Release|Any CPU
		{09BFF450-70F2-4F76-AD3B-971883368FDA}.Publish|x64.Build.0 = Release|Any CPU
		{09BFF450-70F2-4F76-AD3B-971883368FDA}.Publish|x86.ActiveCfg = Release|Any CPU
		{09BFF450-70F2-4F76-AD3B-971883368FDA}.Publish|x86.Build.0 = Release|Any CPU
		{09BFF450-70F2-4F76-AD3B-971883368FDA}.Release (Anniversary Update)|Any CPU.ActiveCfg = Release|Any CPU
		{09BFF450-70F2-4F76-AD3B-971883368FDA}.Release (Anniversary Update)|Any CPU.Build.0 = Release|Any CPU
		{09BFF450-70F2-4F76-AD3B-971883368FDA}.Release (Anniversary Update)|ARM.ActiveCfg = Release|Any CPU
		{09BFF450-70F2-4F76-AD3B-971883368FDA}.Release (Anniversary Update)|ARM.Build.0 = Release|Any CPU
		{09BFF450-70F2-4F76-AD3B-971883368FDA}.Release (Anniversary Update)|x64.ActiveCfg = Release|Any CPU
		{09BFF450-70F2-4F76-AD3B-971883368FDA}.Release (Anniversary Update)|x64.Build.0 = Release|Any CPU
		{09BFF450-70F2-4F76-AD3B-971883368FDA}.Release (Anniversary Update)|x86.ActiveCfg = Release|Any CPU
		{09BFF450-70F2-4F76-AD3B-971883368FDA}.Release (Anniversary Update)|x86.Build.0 = Release|Any CPU
		{09BFF450-70F2-4F76-AD3B-971883368FDA}.Release (Version 1511)|Any CPU.ActiveCfg = Release|Any CPU
		{09BFF450-70F2-4F76-AD3B-971883368FDA}.Release (Version 1511)|Any CPU.Build.0 = Release|Any CPU
		{09BFF450-70F2-4F76-AD3B-971883368FDA}.Release (Version 1511)|ARM.ActiveCfg = Release|Any CPU
		{09BFF450-70F2-4F76-AD3B-971883368FDA}.Release (Version 1511)|ARM.Build.0 = Release|Any CPU
		{09BFF450-70F2-4F76-AD3B-971883368FDA}.Release (Version 1511)|x64.ActiveCfg = Release|Any CPU
		{09BFF450-70F2-4F76-AD3B-971883368FDA}.Release (Version 1511)|x64.Build.0 = Release|Any CPU
		{09BFF450-70F2-4F76-AD3B-971883368FDA}.Release (Version 1511)|x86.ActiveCfg = Release|Any CPU
		{09BFF450-70F2-4F76-AD3B-971883368FDA}.Release (Version 1511)|x86.Build.0 = Release|Any CPU
		{09BFF450-70F2-4F76-AD3B-971883368FDA}.Release|Any CPU.ActiveCfg = Release|Any CPU
		{09BFF450-70F2-4F76-AD3B-971883368FDA}.Release|Any CPU.Build.0 = Release|Any CPU
		{09BFF450-70F2-4F76-AD3B-971883368FDA}.Release|ARM.ActiveCfg = Release|Any CPU
		{09BFF450-70F2-4F76-AD3B-971883368FDA}.Release|ARM.Build.0 = Release|Any CPU
		{09BFF450-70F2-4F76-AD3B-971883368FDA}.Release|x64.ActiveCfg = Release|Any CPU
		{09BFF450-70F2-4F76-AD3B-971883368FDA}.Release|x64.Build.0 = Release|Any CPU
		{09BFF450-70F2-4F76-AD3B-971883368FDA}.Release|x86.ActiveCfg = Release|Any CPU
		{09BFF450-70F2-4F76-AD3B-971883368FDA}.Release|x86.Build.0 = Release|Any CPU
		{09BFF450-70F2-4F76-AD3B-971883368FDA}.ReleaseFull|Any CPU.ActiveCfg = Release|Any CPU
		{09BFF450-70F2-4F76-AD3B-971883368FDA}.ReleaseFull|Any CPU.Build.0 = Release|Any CPU
		{09BFF450-70F2-4F76-AD3B-971883368FDA}.ReleaseFull|ARM.ActiveCfg = Release|Any CPU
		{09BFF450-70F2-4F76-AD3B-971883368FDA}.ReleaseFull|ARM.Build.0 = Release|Any CPU
		{09BFF450-70F2-4F76-AD3B-971883368FDA}.ReleaseFull|x64.ActiveCfg = Release|Any CPU
		{09BFF450-70F2-4F76-AD3B-971883368FDA}.ReleaseFull|x64.Build.0 = Release|Any CPU
		{09BFF450-70F2-4F76-AD3B-971883368FDA}.ReleaseFull|x86.ActiveCfg = Release|Any CPU
		{09BFF450-70F2-4F76-AD3B-971883368FDA}.ReleaseFull|x86.Build.0 = Release|Any CPU
		{B24A296C-B3EB-4E06-A64E-74AC2D1ACC91}.Debug (Anniversary Update)|Any CPU.ActiveCfg = Debug (Anniversary Update)|Any CPU
		{B24A296C-B3EB-4E06-A64E-74AC2D1ACC91}.Debug (Anniversary Update)|Any CPU.Build.0 = Debug (Anniversary Update)|Any CPU
		{B24A296C-B3EB-4E06-A64E-74AC2D1ACC91}.Debug (Anniversary Update)|ARM.ActiveCfg = Debug (Anniversary Update)|Any CPU
		{B24A296C-B3EB-4E06-A64E-74AC2D1ACC91}.Debug (Anniversary Update)|ARM.Build.0 = Debug (Anniversary Update)|Any CPU
		{B24A296C-B3EB-4E06-A64E-74AC2D1ACC91}.Debug (Anniversary Update)|x64.ActiveCfg = Debug (Anniversary Update)|Any CPU
		{B24A296C-B3EB-4E06-A64E-74AC2D1ACC91}.Debug (Anniversary Update)|x64.Build.0 = Debug (Anniversary Update)|Any CPU
		{B24A296C-B3EB-4E06-A64E-74AC2D1ACC91}.Debug (Anniversary Update)|x86.ActiveCfg = Debug (Anniversary Update)|Any CPU
		{B24A296C-B3EB-4E06-A64E-74AC2D1ACC91}.Debug (Anniversary Update)|x86.Build.0 = Debug (Anniversary Update)|Any CPU
		{B24A296C-B3EB-4E06-A64E-74AC2D1ACC91}.Debug (Version 1511)|Any CPU.ActiveCfg = Debug (Version 1511)|Any CPU
		{B24A296C-B3EB-4E06-A64E-74AC2D1ACC91}.Debug (Version 1511)|Any CPU.Build.0 = Debug (Version 1511)|Any CPU
		{B24A296C-B3EB-4E06-A64E-74AC2D1ACC91}.Debug (Version 1511)|ARM.ActiveCfg = Debug (Version 1511)|Any CPU
		{B24A296C-B3EB-4E06-A64E-74AC2D1ACC91}.Debug (Version 1511)|ARM.Build.0 = Debug (Version 1511)|Any CPU
		{B24A296C-B3EB-4E06-A64E-74AC2D1ACC91}.Debug (Version 1511)|x64.ActiveCfg = Debug (Version 1511)|Any CPU
		{B24A296C-B3EB-4E06-A64E-74AC2D1ACC91}.Debug (Version 1511)|x64.Build.0 = Debug (Version 1511)|Any CPU
		{B24A296C-B3EB-4E06-A64E-74AC2D1ACC91}.Debug (Version 1511)|x86.ActiveCfg = Debug (Version 1511)|Any CPU
		{B24A296C-B3EB-4E06-A64E-74AC2D1ACC91}.Debug (Version 1511)|x86.Build.0 = Debug (Version 1511)|Any CPU
		{B24A296C-B3EB-4E06-A64E-74AC2D1ACC91}.Debug|Any CPU.ActiveCfg = Debug|Any CPU
		{B24A296C-B3EB-4E06-A64E-74AC2D1ACC91}.Debug|Any CPU.Build.0 = Debug|Any CPU
		{B24A296C-B3EB-4E06-A64E-74AC2D1ACC91}.Debug|ARM.ActiveCfg = Debug|Any CPU
		{B24A296C-B3EB-4E06-A64E-74AC2D1ACC91}.Debug|ARM.Build.0 = Debug|Any CPU
		{B24A296C-B3EB-4E06-A64E-74AC2D1ACC91}.Debug|x64.ActiveCfg = Debug|Any CPU
		{B24A296C-B3EB-4E06-A64E-74AC2D1ACC91}.Debug|x64.Build.0 = Debug|Any CPU
		{B24A296C-B3EB-4E06-A64E-74AC2D1ACC91}.Debug|x86.ActiveCfg = Debug|Any CPU
		{B24A296C-B3EB-4E06-A64E-74AC2D1ACC91}.Debug|x86.Build.0 = Debug|Any CPU
		{B24A296C-B3EB-4E06-A64E-74AC2D1ACC91}.DebugFull|Any CPU.ActiveCfg = Debug (Anniversary Update)|Any CPU
		{B24A296C-B3EB-4E06-A64E-74AC2D1ACC91}.DebugFull|Any CPU.Build.0 = Debug (Anniversary Update)|Any CPU
		{B24A296C-B3EB-4E06-A64E-74AC2D1ACC91}.DebugFull|ARM.ActiveCfg = Debug (Anniversary Update)|Any CPU
		{B24A296C-B3EB-4E06-A64E-74AC2D1ACC91}.DebugFull|ARM.Build.0 = Debug (Anniversary Update)|Any CPU
		{B24A296C-B3EB-4E06-A64E-74AC2D1ACC91}.DebugFull|x64.ActiveCfg = Debug (Anniversary Update)|Any CPU
		{B24A296C-B3EB-4E06-A64E-74AC2D1ACC91}.DebugFull|x64.Build.0 = Debug (Anniversary Update)|Any CPU
		{B24A296C-B3EB-4E06-A64E-74AC2D1ACC91}.DebugFull|x86.ActiveCfg = Debug|Any CPU
		{B24A296C-B3EB-4E06-A64E-74AC2D1ACC91}.DebugFull|x86.Build.0 = Debug|Any CPU
		{B24A296C-B3EB-4E06-A64E-74AC2D1ACC91}.Publish|Any CPU.ActiveCfg = Publish|Any CPU
		{B24A296C-B3EB-4E06-A64E-74AC2D1ACC91}.Publish|Any CPU.Build.0 = Publish|Any CPU
		{B24A296C-B3EB-4E06-A64E-74AC2D1ACC91}.Publish|ARM.ActiveCfg = Publish|Any CPU
		{B24A296C-B3EB-4E06-A64E-74AC2D1ACC91}.Publish|ARM.Build.0 = Publish|Any CPU
		{B24A296C-B3EB-4E06-A64E-74AC2D1ACC91}.Publish|x64.ActiveCfg = Publish|Any CPU
		{B24A296C-B3EB-4E06-A64E-74AC2D1ACC91}.Publish|x64.Build.0 = Publish|Any CPU
		{B24A296C-B3EB-4E06-A64E-74AC2D1ACC91}.Publish|x86.ActiveCfg = Publish|Any CPU
		{B24A296C-B3EB-4E06-A64E-74AC2D1ACC91}.Publish|x86.Build.0 = Publish|Any CPU
		{B24A296C-B3EB-4E06-A64E-74AC2D1ACC91}.Release (Anniversary Update)|Any CPU.ActiveCfg = Release (Anniversary Update)|Any CPU
		{B24A296C-B3EB-4E06-A64E-74AC2D1ACC91}.Release (Anniversary Update)|Any CPU.Build.0 = Release (Anniversary Update)|Any CPU
		{B24A296C-B3EB-4E06-A64E-74AC2D1ACC91}.Release (Anniversary Update)|ARM.ActiveCfg = Release (Anniversary Update)|Any CPU
		{B24A296C-B3EB-4E06-A64E-74AC2D1ACC91}.Release (Anniversary Update)|ARM.Build.0 = Release (Anniversary Update)|Any CPU
		{B24A296C-B3EB-4E06-A64E-74AC2D1ACC91}.Release (Anniversary Update)|x64.ActiveCfg = Release (Anniversary Update)|Any CPU
		{B24A296C-B3EB-4E06-A64E-74AC2D1ACC91}.Release (Anniversary Update)|x64.Build.0 = Release (Anniversary Update)|Any CPU
		{B24A296C-B3EB-4E06-A64E-74AC2D1ACC91}.Release (Anniversary Update)|x86.ActiveCfg = Release (Anniversary Update)|Any CPU
		{B24A296C-B3EB-4E06-A64E-74AC2D1ACC91}.Release (Anniversary Update)|x86.Build.0 = Release (Anniversary Update)|Any CPU
		{B24A296C-B3EB-4E06-A64E-74AC2D1ACC91}.Release (Version 1511)|Any CPU.ActiveCfg = Release (Version 1511)|Any CPU
		{B24A296C-B3EB-4E06-A64E-74AC2D1ACC91}.Release (Version 1511)|Any CPU.Build.0 = Release (Version 1511)|Any CPU
		{B24A296C-B3EB-4E06-A64E-74AC2D1ACC91}.Release (Version 1511)|ARM.ActiveCfg = Release (Version 1511)|Any CPU
		{B24A296C-B3EB-4E06-A64E-74AC2D1ACC91}.Release (Version 1511)|ARM.Build.0 = Release (Version 1511)|Any CPU
		{B24A296C-B3EB-4E06-A64E-74AC2D1ACC91}.Release (Version 1511)|x64.ActiveCfg = Release (Version 1511)|Any CPU
		{B24A296C-B3EB-4E06-A64E-74AC2D1ACC91}.Release (Version 1511)|x64.Build.0 = Release (Version 1511)|Any CPU
		{B24A296C-B3EB-4E06-A64E-74AC2D1ACC91}.Release (Version 1511)|x86.ActiveCfg = Release (Version 1511)|Any CPU
		{B24A296C-B3EB-4E06-A64E-74AC2D1ACC91}.Release (Version 1511)|x86.Build.0 = Release (Version 1511)|Any CPU
		{B24A296C-B3EB-4E06-A64E-74AC2D1ACC91}.Release|Any CPU.ActiveCfg = Release|Any CPU
		{B24A296C-B3EB-4E06-A64E-74AC2D1ACC91}.Release|Any CPU.Build.0 = Release|Any CPU
		{B24A296C-B3EB-4E06-A64E-74AC2D1ACC91}.Release|ARM.ActiveCfg = Release|Any CPU
		{B24A296C-B3EB-4E06-A64E-74AC2D1ACC91}.Release|ARM.Build.0 = Release|Any CPU
		{B24A296C-B3EB-4E06-A64E-74AC2D1ACC91}.Release|x64.ActiveCfg = Release|Any CPU
		{B24A296C-B3EB-4E06-A64E-74AC2D1ACC91}.Release|x64.Build.0 = Release|Any CPU
		{B24A296C-B3EB-4E06-A64E-74AC2D1ACC91}.Release|x86.ActiveCfg = Release|Any CPU
		{B24A296C-B3EB-4E06-A64E-74AC2D1ACC91}.Release|x86.Build.0 = Release|Any CPU
		{B24A296C-B3EB-4E06-A64E-74AC2D1ACC91}.ReleaseFull|Any CPU.ActiveCfg = Release (Anniversary Update)|Any CPU
		{B24A296C-B3EB-4E06-A64E-74AC2D1ACC91}.ReleaseFull|Any CPU.Build.0 = Release (Anniversary Update)|Any CPU
		{B24A296C-B3EB-4E06-A64E-74AC2D1ACC91}.ReleaseFull|ARM.ActiveCfg = Release (Anniversary Update)|Any CPU
		{B24A296C-B3EB-4E06-A64E-74AC2D1ACC91}.ReleaseFull|ARM.Build.0 = Release (Anniversary Update)|Any CPU
		{B24A296C-B3EB-4E06-A64E-74AC2D1ACC91}.ReleaseFull|x64.ActiveCfg = Release (Anniversary Update)|Any CPU
		{B24A296C-B3EB-4E06-A64E-74AC2D1ACC91}.ReleaseFull|x64.Build.0 = Release (Anniversary Update)|Any CPU
		{B24A296C-B3EB-4E06-A64E-74AC2D1ACC91}.ReleaseFull|x86.ActiveCfg = Release (Anniversary Update)|Any CPU
		{B24A296C-B3EB-4E06-A64E-74AC2D1ACC91}.ReleaseFull|x86.Build.0 = Release (Anniversary Update)|Any CPU
	EndGlobalSection
	GlobalSection(SolutionProperties) = preSolution
		HideSolutionNode = FALSE
	EndGlobalSection
	GlobalSection(NestedProjects) = preSolution
		{79A9DC02-D964-4DEE-A7F8-857C2DC08E03} = {F5ADBBDA-EBDB-494D-AFAB-6EFBB1065CCB}
		{DF4DA91E-2448-4E8A-A62C-28A9F3AA779D} = {F5ADBBDA-EBDB-494D-AFAB-6EFBB1065CCB}
		{469617F5-AEBB-4030-9011-B7B7658C32EE} = {F5ADBBDA-EBDB-494D-AFAB-6EFBB1065CCB}
		{65FE87D2-65B8-4643-A538-4E33A2D815DE} = {F5ADBBDA-EBDB-494D-AFAB-6EFBB1065CCB}
		{6BC8895B-5D84-4BD5-B053-413B8DEB763E} = {F5ADBBDA-EBDB-494D-AFAB-6EFBB1065CCB}
		{536FCC50-09B3-4A4B-B4F9-3F3EC845D09F} = {F5ADBBDA-EBDB-494D-AFAB-6EFBB1065CCB}
		{EE806675-BC95-4321-8EA0-50FFCD9CA647} = {F5ADBBDA-EBDB-494D-AFAB-6EFBB1065CCB}
		{000A719A-990E-43F4-81C9-D6BF83D091A0} = {F5ADBBDA-EBDB-494D-AFAB-6EFBB1065CCB}
		{E03CD799-DA6D-4BE7-BEFE-5B20546A9DE1} = {E2444EB0-BA6F-4A2F-B91B-2286BDDC6639}
		{49B1DE23-1521-4447-A51E-E9337D0F0EB1} = {E2444EB0-BA6F-4A2F-B91B-2286BDDC6639}
		{3CF4B78F-8B48-49CB-942F-83DB13474A4F} = {C10D0971-0F76-4E7C-A46F-8CD12F162AE3}
		{09D7D389-7D67-45B7-90EC-B1D20693DBC5} = {C10D0971-0F76-4E7C-A46F-8CD12F162AE3}
		{7887EBDB-A6B2-400E-9017-C47B606AA8D9} = {C10D0971-0F76-4E7C-A46F-8CD12F162AE3}
		{FC97EA26-E93D-4853-AE7F-695D80CD68B8} = {C10D0971-0F76-4E7C-A46F-8CD12F162AE3}
		{09BFF450-70F2-4F76-AD3B-971883368FDA} = {C10D0971-0F76-4E7C-A46F-8CD12F162AE3}
		{B24A296C-B3EB-4E06-A64E-74AC2D1ACC91} = {C10D0971-0F76-4E7C-A46F-8CD12F162AE3}
	EndGlobalSection
EndGlobal
